// !$*UTF8*$!
{
	archiveVersion = 1;
	classes = {
	};
	objectVersion = 48;
	objects = {

/* Begin PBXBuildFile section */
		B701D88820B72897001A0DCA /* main.cpp in Sources */ = {isa = PBXBuildFile; fileRef = B701D88720B72897001A0DCA /* main.cpp */; };
		B701D89320B73C3B001A0DCA /* main.cpp in Sources */ = {isa = PBXBuildFile; fileRef = B701D89220B73C3B001A0DCA /* main.cpp */; };
		B719F36820FC5FBB00497199 /* main.cpp in Sources */ = {isa = PBXBuildFile; fileRef = B719F36720FC5FBB00497199 /* main.cpp */; };
		B719F37320FC61EC00497199 /* main.cpp in Sources */ = {isa = PBXBuildFile; fileRef = B719F37220FC61EC00497199 /* main.cpp */; };
		B719F37E20FC707300497199 /* main.cpp in Sources */ = {isa = PBXBuildFile; fileRef = B719F37D20FC707300497199 /* main.cpp */; };
		B71C3E5420BC76AF008D7937 /* main.cpp in Sources */ = {isa = PBXBuildFile; fileRef = B71C3E5320BC76AF008D7937 /* main.cpp */; };
		B72A36FA20A20EEC00878DFE /* main.cpp in Sources */ = {isa = PBXBuildFile; fileRef = B72A36F920A20EEC00878DFE /* main.cpp */; };
		B72A371020A2278500878DFE /* main.cpp in Sources */ = {isa = PBXBuildFile; fileRef = B72A370F20A2278500878DFE /* main.cpp */; };
		B72A371B20A230DF00878DFE /* main.cpp in Sources */ = {isa = PBXBuildFile; fileRef = B72A371A20A230DF00878DFE /* main.cpp */; };
		B76BE0AC210A3EC900E6E597 /* main.cpp in Sources */ = {isa = PBXBuildFile; fileRef = B76BE0AB210A3EC900E6E597 /* main.cpp */; };
		B77FF50420FD01300001DE0A /* main.cpp in Sources */ = {isa = PBXBuildFile; fileRef = B77FF50320FD01300001DE0A /* main.cpp */; };
		B77FF50F20FD108E0001DE0A /* main.cpp in Sources */ = {isa = PBXBuildFile; fileRef = B77FF50E20FD108E0001DE0A /* main.cpp */; };
		B784206F20FDED9600761915 /* main.cpp in Sources */ = {isa = PBXBuildFile; fileRef = B784206E20FDED9600761915 /* main.cpp */; };
		B784207A20FDF9F900761915 /* main.cpp in Sources */ = {isa = PBXBuildFile; fileRef = B784207920FDF9F900761915 /* main.cpp */; };
		B7BABADD20FB244F00264D93 /* main.cpp in Sources */ = {isa = PBXBuildFile; fileRef = B7BABADC20FB244F00264D93 /* main.cpp */; };
		B7BABAE820FB340700264D93 /* main.cpp in Sources */ = {isa = PBXBuildFile; fileRef = B7BABAE720FB340700264D93 /* main.cpp */; };
		B7BABAF320FB488F00264D93 /* main.cpp in Sources */ = {isa = PBXBuildFile; fileRef = B7BABAF220FB488F00264D93 /* main.cpp */; };
		B7BABAFE20FB519100264D93 /* main.cpp in Sources */ = {isa = PBXBuildFile; fileRef = B7BABAFD20FB519100264D93 /* main.cpp */; };
		B7BABB0920FBD41500264D93 /* main.cpp in Sources */ = {isa = PBXBuildFile; fileRef = B7BABB0820FBD41500264D93 /* main.cpp */; };
		B7BABB1420FBDFD700264D93 /* main.cpp in Sources */ = {isa = PBXBuildFile; fileRef = B7BABB1320FBDFD700264D93 /* main.cpp */; };
		B7E1A697209EE7A2000C2487 /* main.cpp in Sources */ = {isa = PBXBuildFile; fileRef = B7E1A696209EE7A2000C2487 /* main.cpp */; };
		B7E1A6A4209EFD6B000C2487 /* main.cpp in Sources */ = {isa = PBXBuildFile; fileRef = B7E1A6A3209EFD6B000C2487 /* main.cpp */; };
		B7EE3FD62124846B006C3A81 /* main.cpp in Sources */ = {isa = PBXBuildFile; fileRef = B7EE3FD52124846B006C3A81 /* main.cpp */; };
		B7EE3FE121249815006C3A81 /* main.cpp in Sources */ = {isa = PBXBuildFile; fileRef = B7EE3FE021249815006C3A81 /* main.cpp */; };
		B7EE3FEC2124A27D006C3A81 /* main.cpp in Sources */ = {isa = PBXBuildFile; fileRef = B7EE3FEB2124A27D006C3A81 /* main.cpp */; };
		B7EE3FF72124AA62006C3A81 /* main.cpp in Sources */ = {isa = PBXBuildFile; fileRef = B7EE3FF62124AA62006C3A81 /* main.cpp */; };
		B7EE40022124B815006C3A81 /* main.cpp in Sources */ = {isa = PBXBuildFile; fileRef = B7EE40012124B815006C3A81 /* main.cpp */; };
		B7F73137209B885800A884CF /* main.cpp in Sources */ = {isa = PBXBuildFile; fileRef = B7F73136209B885800A884CF /* main.cpp */; };
/* End PBXBuildFile section */

/* Begin PBXCopyFilesBuildPhase section */
		B701D88320B72897001A0DCA /* CopyFiles */ = {
			isa = PBXCopyFilesBuildPhase;
			buildActionMask = 2147483647;
			dstPath = /usr/share/man/man1/;
			dstSubfolderSpec = 0;
			files = (
			);
			runOnlyForDeploymentPostprocessing = 1;
		};
		B701D88E20B73C3B001A0DCA /* CopyFiles */ = {
			isa = PBXCopyFilesBuildPhase;
			buildActionMask = 2147483647;
			dstPath = /usr/share/man/man1/;
			dstSubfolderSpec = 0;
			files = (
			);
			runOnlyForDeploymentPostprocessing = 1;
		};
		B719F36320FC5FBB00497199 /* CopyFiles */ = {
			isa = PBXCopyFilesBuildPhase;
			buildActionMask = 2147483647;
			dstPath = /usr/share/man/man1/;
			dstSubfolderSpec = 0;
			files = (
			);
			runOnlyForDeploymentPostprocessing = 1;
		};
		B719F36E20FC61EC00497199 /* CopyFiles */ = {
			isa = PBXCopyFilesBuildPhase;
			buildActionMask = 2147483647;
			dstPath = /usr/share/man/man1/;
			dstSubfolderSpec = 0;
			files = (
			);
			runOnlyForDeploymentPostprocessing = 1;
		};
		B719F37920FC707300497199 /* CopyFiles */ = {
			isa = PBXCopyFilesBuildPhase;
			buildActionMask = 2147483647;
			dstPath = /usr/share/man/man1/;
			dstSubfolderSpec = 0;
			files = (
			);
			runOnlyForDeploymentPostprocessing = 1;
		};
		B71C3E4F20BC76AF008D7937 /* CopyFiles */ = {
			isa = PBXCopyFilesBuildPhase;
			buildActionMask = 2147483647;
			dstPath = /usr/share/man/man1/;
			dstSubfolderSpec = 0;
			files = (
			);
			runOnlyForDeploymentPostprocessing = 1;
		};
		B72A36F520A20EEC00878DFE /* CopyFiles */ = {
			isa = PBXCopyFilesBuildPhase;
			buildActionMask = 2147483647;
			dstPath = /usr/share/man/man1/;
			dstSubfolderSpec = 0;
			files = (
			);
			runOnlyForDeploymentPostprocessing = 1;
		};
		B72A370B20A2278400878DFE /* CopyFiles */ = {
			isa = PBXCopyFilesBuildPhase;
			buildActionMask = 2147483647;
			dstPath = /usr/share/man/man1/;
			dstSubfolderSpec = 0;
			files = (
			);
			runOnlyForDeploymentPostprocessing = 1;
		};
		B72A371620A230DF00878DFE /* CopyFiles */ = {
			isa = PBXCopyFilesBuildPhase;
			buildActionMask = 2147483647;
			dstPath = /usr/share/man/man1/;
			dstSubfolderSpec = 0;
			files = (
			);
			runOnlyForDeploymentPostprocessing = 1;
		};
		B76BE0A7210A3EC900E6E597 /* CopyFiles */ = {
			isa = PBXCopyFilesBuildPhase;
			buildActionMask = 2147483647;
			dstPath = /usr/share/man/man1/;
			dstSubfolderSpec = 0;
			files = (
			);
			runOnlyForDeploymentPostprocessing = 1;
		};
		B77FF4FF20FD01300001DE0A /* CopyFiles */ = {
			isa = PBXCopyFilesBuildPhase;
			buildActionMask = 2147483647;
			dstPath = /usr/share/man/man1/;
			dstSubfolderSpec = 0;
			files = (
			);
			runOnlyForDeploymentPostprocessing = 1;
		};
		B77FF50A20FD108E0001DE0A /* CopyFiles */ = {
			isa = PBXCopyFilesBuildPhase;
			buildActionMask = 2147483647;
			dstPath = /usr/share/man/man1/;
			dstSubfolderSpec = 0;
			files = (
			);
			runOnlyForDeploymentPostprocessing = 1;
		};
		B784206A20FDED9600761915 /* CopyFiles */ = {
			isa = PBXCopyFilesBuildPhase;
			buildActionMask = 2147483647;
			dstPath = /usr/share/man/man1/;
			dstSubfolderSpec = 0;
			files = (
			);
			runOnlyForDeploymentPostprocessing = 1;
		};
		B784207520FDF9F800761915 /* CopyFiles */ = {
			isa = PBXCopyFilesBuildPhase;
			buildActionMask = 2147483647;
			dstPath = /usr/share/man/man1/;
			dstSubfolderSpec = 0;
			files = (
			);
			runOnlyForDeploymentPostprocessing = 1;
		};
		B7BABAD820FB244F00264D93 /* CopyFiles */ = {
			isa = PBXCopyFilesBuildPhase;
			buildActionMask = 2147483647;
			dstPath = /usr/share/man/man1/;
			dstSubfolderSpec = 0;
			files = (
			);
			runOnlyForDeploymentPostprocessing = 1;
		};
		B7BABAE320FB340600264D93 /* CopyFiles */ = {
			isa = PBXCopyFilesBuildPhase;
			buildActionMask = 2147483647;
			dstPath = /usr/share/man/man1/;
			dstSubfolderSpec = 0;
			files = (
			);
			runOnlyForDeploymentPostprocessing = 1;
		};
		B7BABAEE20FB488F00264D93 /* CopyFiles */ = {
			isa = PBXCopyFilesBuildPhase;
			buildActionMask = 2147483647;
			dstPath = /usr/share/man/man1/;
			dstSubfolderSpec = 0;
			files = (
			);
			runOnlyForDeploymentPostprocessing = 1;
		};
		B7BABAF920FB519100264D93 /* CopyFiles */ = {
			isa = PBXCopyFilesBuildPhase;
			buildActionMask = 2147483647;
			dstPath = /usr/share/man/man1/;
			dstSubfolderSpec = 0;
			files = (
			);
			runOnlyForDeploymentPostprocessing = 1;
		};
		B7BABB0420FBD41500264D93 /* CopyFiles */ = {
			isa = PBXCopyFilesBuildPhase;
			buildActionMask = 2147483647;
			dstPath = /usr/share/man/man1/;
			dstSubfolderSpec = 0;
			files = (
			);
			runOnlyForDeploymentPostprocessing = 1;
		};
		B7BABB0F20FBDFD600264D93 /* CopyFiles */ = {
			isa = PBXCopyFilesBuildPhase;
			buildActionMask = 2147483647;
			dstPath = /usr/share/man/man1/;
			dstSubfolderSpec = 0;
			files = (
			);
			runOnlyForDeploymentPostprocessing = 1;
		};
		B7E1A692209EE7A2000C2487 /* CopyFiles */ = {
			isa = PBXCopyFilesBuildPhase;
			buildActionMask = 2147483647;
			dstPath = /usr/share/man/man1/;
			dstSubfolderSpec = 0;
			files = (
			);
			runOnlyForDeploymentPostprocessing = 1;
		};
		B7E1A69F209EFD6B000C2487 /* CopyFiles */ = {
			isa = PBXCopyFilesBuildPhase;
			buildActionMask = 2147483647;
			dstPath = /usr/share/man/man1/;
			dstSubfolderSpec = 0;
			files = (
			);
			runOnlyForDeploymentPostprocessing = 1;
		};
		B7EE3FD12124846A006C3A81 /* CopyFiles */ = {
			isa = PBXCopyFilesBuildPhase;
			buildActionMask = 2147483647;
			dstPath = /usr/share/man/man1/;
			dstSubfolderSpec = 0;
			files = (
			);
			runOnlyForDeploymentPostprocessing = 1;
		};
		B7EE3FDC21249815006C3A81 /* CopyFiles */ = {
			isa = PBXCopyFilesBuildPhase;
			buildActionMask = 2147483647;
			dstPath = /usr/share/man/man1/;
			dstSubfolderSpec = 0;
			files = (
			);
			runOnlyForDeploymentPostprocessing = 1;
		};
		B7EE3FE72124A27D006C3A81 /* CopyFiles */ = {
			isa = PBXCopyFilesBuildPhase;
			buildActionMask = 2147483647;
			dstPath = /usr/share/man/man1/;
			dstSubfolderSpec = 0;
			files = (
			);
			runOnlyForDeploymentPostprocessing = 1;
		};
		B7EE3FF22124AA62006C3A81 /* CopyFiles */ = {
			isa = PBXCopyFilesBuildPhase;
			buildActionMask = 2147483647;
			dstPath = /usr/share/man/man1/;
			dstSubfolderSpec = 0;
			files = (
			);
			runOnlyForDeploymentPostprocessing = 1;
		};
		B7EE3FFD2124B815006C3A81 /* CopyFiles */ = {
			isa = PBXCopyFilesBuildPhase;
			buildActionMask = 2147483647;
			dstPath = /usr/share/man/man1/;
			dstSubfolderSpec = 0;
			files = (
			);
			runOnlyForDeploymentPostprocessing = 1;
		};
		B7F73122209B839200A884CF /* CopyFiles */ = {
			isa = PBXCopyFilesBuildPhase;
			buildActionMask = 2147483647;
			dstPath = /usr/share/man/man1/;
			dstSubfolderSpec = 0;
			files = (
			);
			runOnlyForDeploymentPostprocessing = 1;
		};
		B7F73132209B885800A884CF /* CopyFiles */ = {
			isa = PBXCopyFilesBuildPhase;
			buildActionMask = 2147483647;
			dstPath = /usr/share/man/man1/;
			dstSubfolderSpec = 0;
			files = (
			);
			runOnlyForDeploymentPostprocessing = 1;
		};
/* End PBXCopyFilesBuildPhase section */

/* Begin PBXFileReference section */
		B701D88520B72897001A0DCA /* mergesort */ = {isa = PBXFileReference; explicitFileType = "compiled.mach-o.executable"; includeInIndex = 0; path = mergesort; sourceTree = BUILT_PRODUCTS_DIR; };
		B701D88720B72897001A0DCA /* main.cpp */ = {isa = PBXFileReference; lastKnownFileType = sourcecode.cpp.cpp; path = main.cpp; sourceTree = "<group>"; };
		B701D89020B73C3B001A0DCA /* mergeSort2 */ = {isa = PBXFileReference; explicitFileType = "compiled.mach-o.executable"; includeInIndex = 0; path = mergeSort2; sourceTree = BUILT_PRODUCTS_DIR; };
		B701D89220B73C3B001A0DCA /* main.cpp */ = {isa = PBXFileReference; lastKnownFileType = sourcecode.cpp.cpp; path = main.cpp; sourceTree = "<group>"; };
		B719F36520FC5FBB00497199 /* sp_hashing6 */ = {isa = PBXFileReference; explicitFileType = "compiled.mach-o.executable"; includeInIndex = 0; path = sp_hashing6; sourceTree = BUILT_PRODUCTS_DIR; };
		B719F36720FC5FBB00497199 /* main.cpp */ = {isa = PBXFileReference; lastKnownFileType = sourcecode.cpp.cpp; path = main.cpp; sourceTree = "<group>"; };
		B719F37020FC61EC00497199 /* sp_hashing7 */ = {isa = PBXFileReference; explicitFileType = "compiled.mach-o.executable"; includeInIndex = 0; path = sp_hashing7; sourceTree = BUILT_PRODUCTS_DIR; };
		B719F37220FC61EC00497199 /* main.cpp */ = {isa = PBXFileReference; lastKnownFileType = sourcecode.cpp.cpp; path = main.cpp; sourceTree = "<group>"; };
		B719F37B20FC707300497199 /* sp_hashing8 */ = {isa = PBXFileReference; explicitFileType = "compiled.mach-o.executable"; includeInIndex = 0; path = sp_hashing8; sourceTree = BUILT_PRODUCTS_DIR; };
		B719F37D20FC707300497199 /* main.cpp */ = {isa = PBXFileReference; lastKnownFileType = sourcecode.cpp.cpp; path = main.cpp; sourceTree = "<group>"; };
		B71C3E5120BC76AF008D7937 /* quicksort */ = {isa = PBXFileReference; explicitFileType = "compiled.mach-o.executable"; includeInIndex = 0; path = quicksort; sourceTree = BUILT_PRODUCTS_DIR; };
		B71C3E5320BC76AF008D7937 /* main.cpp */ = {isa = PBXFileReference; lastKnownFileType = sourcecode.cpp.cpp; path = main.cpp; sourceTree = "<group>"; };
		B72A36F720A20EEC00878DFE /* mergeKsorted */ = {isa = PBXFileReference; explicitFileType = "compiled.mach-o.executable"; includeInIndex = 0; path = mergeKsorted; sourceTree = BUILT_PRODUCTS_DIR; };
		B72A36F920A20EEC00878DFE /* main.cpp */ = {isa = PBXFileReference; lastKnownFileType = sourcecode.cpp.cpp; path = main.cpp; sourceTree = "<group>"; };
		B72A370D20A2278400878DFE /* selectionSort */ = {isa = PBXFileReference; explicitFileType = "compiled.mach-o.executable"; includeInIndex = 0; path = selectionSort; sourceTree = BUILT_PRODUCTS_DIR; };
		B72A370F20A2278500878DFE /* main.cpp */ = {isa = PBXFileReference; lastKnownFileType = sourcecode.cpp.cpp; path = main.cpp; sourceTree = "<group>"; };
		B72A371820A230DF00878DFE /* selectionSort2 */ = {isa = PBXFileReference; explicitFileType = "compiled.mach-o.executable"; includeInIndex = 0; path = selectionSort2; sourceTree = BUILT_PRODUCTS_DIR; };
		B72A371A20A230DF00878DFE /* main.cpp */ = {isa = PBXFileReference; lastKnownFileType = sourcecode.cpp.cpp; path = main.cpp; sourceTree = "<group>"; };
		B76BE0A9210A3EC900E6E597 /* sp_hashing13 */ = {isa = PBXFileReference; explicitFileType = "compiled.mach-o.executable"; includeInIndex = 0; path = sp_hashing13; sourceTree = BUILT_PRODUCTS_DIR; };
		B76BE0AB210A3EC900E6E597 /* main.cpp */ = {isa = PBXFileReference; lastKnownFileType = sourcecode.cpp.cpp; path = main.cpp; sourceTree = "<group>"; };
		B77FF50120FD01300001DE0A /* sp_hashing9 */ = {isa = PBXFileReference; explicitFileType = "compiled.mach-o.executable"; includeInIndex = 0; path = sp_hashing9; sourceTree = BUILT_PRODUCTS_DIR; };
		B77FF50320FD01300001DE0A /* main.cpp */ = {isa = PBXFileReference; lastKnownFileType = sourcecode.cpp.cpp; path = main.cpp; sourceTree = "<group>"; };
		B77FF50C20FD108E0001DE0A /* sp_hashing10 */ = {isa = PBXFileReference; explicitFileType = "compiled.mach-o.executable"; includeInIndex = 0; path = sp_hashing10; sourceTree = BUILT_PRODUCTS_DIR; };
		B77FF50E20FD108E0001DE0A /* main.cpp */ = {isa = PBXFileReference; lastKnownFileType = sourcecode.cpp.cpp; path = main.cpp; sourceTree = "<group>"; };
		B784206C20FDED9600761915 /* sp_hashing11 */ = {isa = PBXFileReference; explicitFileType = "compiled.mach-o.executable"; includeInIndex = 0; path = sp_hashing11; sourceTree = BUILT_PRODUCTS_DIR; };
		B784206E20FDED9600761915 /* main.cpp */ = {isa = PBXFileReference; lastKnownFileType = sourcecode.cpp.cpp; path = main.cpp; sourceTree = "<group>"; };
		B784207720FDF9F800761915 /* sp_hashing12 */ = {isa = PBXFileReference; explicitFileType = "compiled.mach-o.executable"; includeInIndex = 0; path = sp_hashing12; sourceTree = BUILT_PRODUCTS_DIR; };
		B784207920FDF9F900761915 /* main.cpp */ = {isa = PBXFileReference; lastKnownFileType = sourcecode.cpp.cpp; path = main.cpp; sourceTree = "<group>"; };
		B7BABADA20FB244F00264D93 /* countPairWithSum */ = {isa = PBXFileReference; explicitFileType = "compiled.mach-o.executable"; includeInIndex = 0; path = countPairWithSum; sourceTree = BUILT_PRODUCTS_DIR; };
		B7BABADC20FB244F00264D93 /* main.cpp */ = {isa = PBXFileReference; lastKnownFileType = sourcecode.cpp.cpp; path = main.cpp; sourceTree = "<group>"; };
		B7BABAE520FB340600264D93 /* sp_hashing1 */ = {isa = PBXFileReference; explicitFileType = "compiled.mach-o.executable"; includeInIndex = 0; path = sp_hashing1; sourceTree = BUILT_PRODUCTS_DIR; };
		B7BABAE720FB340700264D93 /* main.cpp */ = {isa = PBXFileReference; lastKnownFileType = sourcecode.cpp.cpp; path = main.cpp; sourceTree = "<group>"; };
		B7BABAF020FB488F00264D93 /* sp_hashing2 */ = {isa = PBXFileReference; explicitFileType = "compiled.mach-o.executable"; includeInIndex = 0; path = sp_hashing2; sourceTree = BUILT_PRODUCTS_DIR; };
		B7BABAF220FB488F00264D93 /* main.cpp */ = {isa = PBXFileReference; lastKnownFileType = sourcecode.cpp.cpp; path = main.cpp; sourceTree = "<group>"; };
		B7BABAFB20FB519100264D93 /* sp_hashing3 */ = {isa = PBXFileReference; explicitFileType = "compiled.mach-o.executable"; includeInIndex = 0; path = sp_hashing3; sourceTree = BUILT_PRODUCTS_DIR; };
		B7BABAFD20FB519100264D93 /* main.cpp */ = {isa = PBXFileReference; lastKnownFileType = sourcecode.cpp.cpp; path = main.cpp; sourceTree = "<group>"; };
		B7BABB0620FBD41500264D93 /* sp_hashing4 */ = {isa = PBXFileReference; explicitFileType = "compiled.mach-o.executable"; includeInIndex = 0; path = sp_hashing4; sourceTree = BUILT_PRODUCTS_DIR; };
		B7BABB0820FBD41500264D93 /* main.cpp */ = {isa = PBXFileReference; lastKnownFileType = sourcecode.cpp.cpp; path = main.cpp; sourceTree = "<group>"; };
		B7BABB1120FBDFD600264D93 /* sp_hashing5 */ = {isa = PBXFileReference; explicitFileType = "compiled.mach-o.executable"; includeInIndex = 0; path = sp_hashing5; sourceTree = BUILT_PRODUCTS_DIR; };
		B7BABB1320FBDFD700264D93 /* main.cpp */ = {isa = PBXFileReference; lastKnownFileType = sourcecode.cpp.cpp; path = main.cpp; sourceTree = "<group>"; };
		B7E1A694209EE7A2000C2487 /* DoesArrayHeap */ = {isa = PBXFileReference; explicitFileType = "compiled.mach-o.executable"; includeInIndex = 0; path = DoesArrayHeap; sourceTree = BUILT_PRODUCTS_DIR; };
		B7E1A696209EE7A2000C2487 /* main.cpp */ = {isa = PBXFileReference; lastKnownFileType = sourcecode.cpp.cpp; path = main.cpp; sourceTree = "<group>"; };
		B7E1A6A1209EFD6B000C2487 /* theifTryingToEscape */ = {isa = PBXFileReference; explicitFileType = "compiled.mach-o.executable"; includeInIndex = 0; path = theifTryingToEscape; sourceTree = BUILT_PRODUCTS_DIR; };
		B7E1A6A3209EFD6B000C2487 /* main.cpp */ = {isa = PBXFileReference; lastKnownFileType = sourcecode.cpp.cpp; path = main.cpp; sourceTree = "<group>"; };
		B7EE3FD32124846A006C3A81 /* sp_hashing14 */ = {isa = PBXFileReference; explicitFileType = "compiled.mach-o.executable"; includeInIndex = 0; path = sp_hashing14; sourceTree = BUILT_PRODUCTS_DIR; };
		B7EE3FD52124846B006C3A81 /* main.cpp */ = {isa = PBXFileReference; lastKnownFileType = sourcecode.cpp.cpp; path = main.cpp; sourceTree = "<group>"; };
		B7EE3FDE21249815006C3A81 /* sp_hashing15 */ = {isa = PBXFileReference; explicitFileType = "compiled.mach-o.executable"; includeInIndex = 0; path = sp_hashing15; sourceTree = BUILT_PRODUCTS_DIR; };
		B7EE3FE021249815006C3A81 /* main.cpp */ = {isa = PBXFileReference; lastKnownFileType = sourcecode.cpp.cpp; path = main.cpp; sourceTree = "<group>"; };
		B7EE3FE92124A27D006C3A81 /* sp_hashing16 */ = {isa = PBXFileReference; explicitFileType = "compiled.mach-o.executable"; includeInIndex = 0; path = sp_hashing16; sourceTree = BUILT_PRODUCTS_DIR; };
		B7EE3FEB2124A27D006C3A81 /* main.cpp */ = {isa = PBXFileReference; lastKnownFileType = sourcecode.cpp.cpp; path = main.cpp; sourceTree = "<group>"; };
		B7EE3FF42124AA62006C3A81 /* sp_hashing17 */ = {isa = PBXFileReference; explicitFileType = "compiled.mach-o.executable"; includeInIndex = 0; path = sp_hashing17; sourceTree = BUILT_PRODUCTS_DIR; };
		B7EE3FF62124AA62006C3A81 /* main.cpp */ = {isa = PBXFileReference; lastKnownFileType = sourcecode.cpp.cpp; path = main.cpp; sourceTree = "<group>"; };
		B7EE3FFF2124B815006C3A81 /* sp_hashing18 */ = {isa = PBXFileReference; explicitFileType = "compiled.mach-o.executable"; includeInIndex = 0; path = sp_hashing18; sourceTree = BUILT_PRODUCTS_DIR; };
		B7EE40012124B815006C3A81 /* main.cpp */ = {isa = PBXFileReference; lastKnownFileType = sourcecode.cpp.cpp; path = main.cpp; sourceTree = "<group>"; };
		B7F73124209B839200A884CF /* DataStructureCpp */ = {isa = PBXFileReference; explicitFileType = "compiled.mach-o.executable"; includeInIndex = 0; path = DataStructureCpp; sourceTree = BUILT_PRODUCTS_DIR; };
		B7F73134209B885800A884CF /* heapsort */ = {isa = PBXFileReference; explicitFileType = "compiled.mach-o.executable"; includeInIndex = 0; path = heapsort; sourceTree = BUILT_PRODUCTS_DIR; };
		B7F73136209B885800A884CF /* main.cpp */ = {isa = PBXFileReference; lastKnownFileType = sourcecode.cpp.cpp; path = main.cpp; sourceTree = "<group>"; };
/* End PBXFileReference section */

/* Begin PBXFrameworksBuildPhase section */
		B701D88220B72897001A0DCA /* Frameworks */ = {
			isa = PBXFrameworksBuildPhase;
			buildActionMask = 2147483647;
			files = (
			);
			runOnlyForDeploymentPostprocessing = 0;
		};
		B701D88D20B73C3B001A0DCA /* Frameworks */ = {
			isa = PBXFrameworksBuildPhase;
			buildActionMask = 2147483647;
			files = (
			);
			runOnlyForDeploymentPostprocessing = 0;
		};
		B719F36220FC5FBB00497199 /* Frameworks */ = {
			isa = PBXFrameworksBuildPhase;
			buildActionMask = 2147483647;
			files = (
			);
			runOnlyForDeploymentPostprocessing = 0;
		};
		B719F36D20FC61EC00497199 /* Frameworks */ = {
			isa = PBXFrameworksBuildPhase;
			buildActionMask = 2147483647;
			files = (
			);
			runOnlyForDeploymentPostprocessing = 0;
		};
		B719F37820FC707300497199 /* Frameworks */ = {
			isa = PBXFrameworksBuildPhase;
			buildActionMask = 2147483647;
			files = (
			);
			runOnlyForDeploymentPostprocessing = 0;
		};
		B71C3E4E20BC76AF008D7937 /* Frameworks */ = {
			isa = PBXFrameworksBuildPhase;
			buildActionMask = 2147483647;
			files = (
			);
			runOnlyForDeploymentPostprocessing = 0;
		};
		B72A36F420A20EEC00878DFE /* Frameworks */ = {
			isa = PBXFrameworksBuildPhase;
			buildActionMask = 2147483647;
			files = (
			);
			runOnlyForDeploymentPostprocessing = 0;
		};
		B72A370A20A2278400878DFE /* Frameworks */ = {
			isa = PBXFrameworksBuildPhase;
			buildActionMask = 2147483647;
			files = (
			);
			runOnlyForDeploymentPostprocessing = 0;
		};
		B72A371520A230DF00878DFE /* Frameworks */ = {
			isa = PBXFrameworksBuildPhase;
			buildActionMask = 2147483647;
			files = (
			);
			runOnlyForDeploymentPostprocessing = 0;
		};
		B76BE0A6210A3EC900E6E597 /* Frameworks */ = {
			isa = PBXFrameworksBuildPhase;
			buildActionMask = 2147483647;
			files = (
			);
			runOnlyForDeploymentPostprocessing = 0;
		};
		B77FF4FE20FD01300001DE0A /* Frameworks */ = {
			isa = PBXFrameworksBuildPhase;
			buildActionMask = 2147483647;
			files = (
			);
			runOnlyForDeploymentPostprocessing = 0;
		};
		B77FF50920FD108E0001DE0A /* Frameworks */ = {
			isa = PBXFrameworksBuildPhase;
			buildActionMask = 2147483647;
			files = (
			);
			runOnlyForDeploymentPostprocessing = 0;
		};
		B784206920FDED9600761915 /* Frameworks */ = {
			isa = PBXFrameworksBuildPhase;
			buildActionMask = 2147483647;
			files = (
			);
			runOnlyForDeploymentPostprocessing = 0;
		};
		B784207420FDF9F800761915 /* Frameworks */ = {
			isa = PBXFrameworksBuildPhase;
			buildActionMask = 2147483647;
			files = (
			);
			runOnlyForDeploymentPostprocessing = 0;
		};
		B7BABAD720FB244F00264D93 /* Frameworks */ = {
			isa = PBXFrameworksBuildPhase;
			buildActionMask = 2147483647;
			files = (
			);
			runOnlyForDeploymentPostprocessing = 0;
		};
		B7BABAE220FB340600264D93 /* Frameworks */ = {
			isa = PBXFrameworksBuildPhase;
			buildActionMask = 2147483647;
			files = (
			);
			runOnlyForDeploymentPostprocessing = 0;
		};
		B7BABAED20FB488F00264D93 /* Frameworks */ = {
			isa = PBXFrameworksBuildPhase;
			buildActionMask = 2147483647;
			files = (
			);
			runOnlyForDeploymentPostprocessing = 0;
		};
		B7BABAF820FB519100264D93 /* Frameworks */ = {
			isa = PBXFrameworksBuildPhase;
			buildActionMask = 2147483647;
			files = (
			);
			runOnlyForDeploymentPostprocessing = 0;
		};
		B7BABB0320FBD41500264D93 /* Frameworks */ = {
			isa = PBXFrameworksBuildPhase;
			buildActionMask = 2147483647;
			files = (
			);
			runOnlyForDeploymentPostprocessing = 0;
		};
		B7BABB0E20FBDFD600264D93 /* Frameworks */ = {
			isa = PBXFrameworksBuildPhase;
			buildActionMask = 2147483647;
			files = (
			);
			runOnlyForDeploymentPostprocessing = 0;
		};
		B7E1A691209EE7A2000C2487 /* Frameworks */ = {
			isa = PBXFrameworksBuildPhase;
			buildActionMask = 2147483647;
			files = (
			);
			runOnlyForDeploymentPostprocessing = 0;
		};
		B7E1A69E209EFD6B000C2487 /* Frameworks */ = {
			isa = PBXFrameworksBuildPhase;
			buildActionMask = 2147483647;
			files = (
			);
			runOnlyForDeploymentPostprocessing = 0;
		};
		B7EE3FD02124846A006C3A81 /* Frameworks */ = {
			isa = PBXFrameworksBuildPhase;
			buildActionMask = 2147483647;
			files = (
			);
			runOnlyForDeploymentPostprocessing = 0;
		};
		B7EE3FDB21249815006C3A81 /* Frameworks */ = {
			isa = PBXFrameworksBuildPhase;
			buildActionMask = 2147483647;
			files = (
			);
			runOnlyForDeploymentPostprocessing = 0;
		};
		B7EE3FE62124A27D006C3A81 /* Frameworks */ = {
			isa = PBXFrameworksBuildPhase;
			buildActionMask = 2147483647;
			files = (
			);
			runOnlyForDeploymentPostprocessing = 0;
		};
		B7EE3FF12124AA62006C3A81 /* Frameworks */ = {
			isa = PBXFrameworksBuildPhase;
			buildActionMask = 2147483647;
			files = (
			);
			runOnlyForDeploymentPostprocessing = 0;
		};
		B7EE3FFC2124B815006C3A81 /* Frameworks */ = {
			isa = PBXFrameworksBuildPhase;
			buildActionMask = 2147483647;
			files = (
			);
			runOnlyForDeploymentPostprocessing = 0;
		};
		B7F73121209B839200A884CF /* Frameworks */ = {
			isa = PBXFrameworksBuildPhase;
			buildActionMask = 2147483647;
			files = (
			);
			runOnlyForDeploymentPostprocessing = 0;
		};
		B7F73131209B885800A884CF /* Frameworks */ = {
			isa = PBXFrameworksBuildPhase;
			buildActionMask = 2147483647;
			files = (
			);
			runOnlyForDeploymentPostprocessing = 0;
		};
/* End PBXFrameworksBuildPhase section */

/* Begin PBXGroup section */
		B701D88620B72897001A0DCA /* mergesort */ = {
			isa = PBXGroup;
			children = (
				B701D88720B72897001A0DCA /* main.cpp */,
			);
			path = mergesort;
			sourceTree = "<group>";
		};
		B701D89120B73C3B001A0DCA /* mergeSort2 */ = {
			isa = PBXGroup;
			children = (
				B701D89220B73C3B001A0DCA /* main.cpp */,
			);
			path = mergeSort2;
			sourceTree = "<group>";
		};
		B719F36620FC5FBB00497199 /* sp_hashing6 */ = {
			isa = PBXGroup;
			children = (
				B719F36720FC5FBB00497199 /* main.cpp */,
			);
			path = sp_hashing6;
			sourceTree = "<group>";
		};
		B719F37120FC61EC00497199 /* sp_hashing7 */ = {
			isa = PBXGroup;
			children = (
				B719F37220FC61EC00497199 /* main.cpp */,
			);
			path = sp_hashing7;
			sourceTree = "<group>";
		};
		B719F37C20FC707300497199 /* sp_hashing8 */ = {
			isa = PBXGroup;
			children = (
				B719F37D20FC707300497199 /* main.cpp */,
			);
			path = sp_hashing8;
			sourceTree = "<group>";
		};
		B71C3E5220BC76AF008D7937 /* quicksort */ = {
			isa = PBXGroup;
			children = (
				B71C3E5320BC76AF008D7937 /* main.cpp */,
			);
			path = quicksort;
			sourceTree = "<group>";
		};
		B72A36F820A20EEC00878DFE /* mergeKsorted */ = {
			isa = PBXGroup;
			children = (
				B72A36F920A20EEC00878DFE /* main.cpp */,
			);
			path = mergeKsorted;
			sourceTree = "<group>";
		};
		B72A370E20A2278500878DFE /* selectionSort */ = {
			isa = PBXGroup;
			children = (
				B72A370F20A2278500878DFE /* main.cpp */,
			);
			path = selectionSort;
			sourceTree = "<group>";
		};
		B72A371920A230DF00878DFE /* selectionSort2 */ = {
			isa = PBXGroup;
			children = (
				B72A371A20A230DF00878DFE /* main.cpp */,
			);
			path = selectionSort2;
			sourceTree = "<group>";
		};
		B76BE0AA210A3EC900E6E597 /* sp_hashing13 */ = {
			isa = PBXGroup;
			children = (
				B76BE0AB210A3EC900E6E597 /* main.cpp */,
			);
			path = sp_hashing13;
			sourceTree = "<group>";
		};
		B77FF50220FD01300001DE0A /* sp_hashing9 */ = {
			isa = PBXGroup;
			children = (
				B77FF50320FD01300001DE0A /* main.cpp */,
			);
			path = sp_hashing9;
			sourceTree = "<group>";
		};
		B77FF50D20FD108E0001DE0A /* sp_hashing10 */ = {
			isa = PBXGroup;
			children = (
				B77FF50E20FD108E0001DE0A /* main.cpp */,
			);
			path = sp_hashing10;
			sourceTree = "<group>";
		};
		B784206D20FDED9600761915 /* sp_hashing11 */ = {
			isa = PBXGroup;
			children = (
				B784206E20FDED9600761915 /* main.cpp */,
			);
			path = sp_hashing11;
			sourceTree = "<group>";
		};
		B784207820FDF9F900761915 /* sp_hashing12 */ = {
			isa = PBXGroup;
			children = (
				B784207920FDF9F900761915 /* main.cpp */,
			);
			path = sp_hashing12;
			sourceTree = "<group>";
		};
		B7BABADB20FB244F00264D93 /* countPairWithSum */ = {
			isa = PBXGroup;
			children = (
				B7BABADC20FB244F00264D93 /* main.cpp */,
			);
			path = countPairWithSum;
			sourceTree = "<group>";
		};
		B7BABAE620FB340700264D93 /* sp_hashing1 */ = {
			isa = PBXGroup;
			children = (
				B7BABAE720FB340700264D93 /* main.cpp */,
			);
			path = sp_hashing1;
			sourceTree = "<group>";
		};
		B7BABAF120FB488F00264D93 /* sp_hashing2 */ = {
			isa = PBXGroup;
			children = (
				B7BABAF220FB488F00264D93 /* main.cpp */,
			);
			path = sp_hashing2;
			sourceTree = "<group>";
		};
		B7BABAFC20FB519100264D93 /* sp_hashing3 */ = {
			isa = PBXGroup;
			children = (
				B7BABAFD20FB519100264D93 /* main.cpp */,
			);
			path = sp_hashing3;
			sourceTree = "<group>";
		};
		B7BABB0720FBD41500264D93 /* sp_hashing4 */ = {
			isa = PBXGroup;
			children = (
				B7BABB0820FBD41500264D93 /* main.cpp */,
			);
			path = sp_hashing4;
			sourceTree = "<group>";
		};
		B7BABB1220FBDFD700264D93 /* sp_hashing5 */ = {
			isa = PBXGroup;
			children = (
				B7BABB1320FBDFD700264D93 /* main.cpp */,
			);
			path = sp_hashing5;
			sourceTree = "<group>";
		};
		B7E1A695209EE7A2000C2487 /* DoesArrayHeap */ = {
			isa = PBXGroup;
			children = (
				B7E1A696209EE7A2000C2487 /* main.cpp */,
			);
			path = DoesArrayHeap;
			sourceTree = "<group>";
		};
		B7E1A69B209EE7C6000C2487 /* Heap */ = {
			isa = PBXGroup;
			children = (
				B7E1A695209EE7A2000C2487 /* DoesArrayHeap */,
			);
			path = Heap;
			sourceTree = "<group>";
		};
		B7E1A69C209EFD46000C2487 /* Basic */ = {
			isa = PBXGroup;
			children = (
				B7E1A6A2209EFD6B000C2487 /* theifTryingToEscape */,
			);
			path = Basic;
			sourceTree = "<group>";
		};
		B7E1A6A2209EFD6B000C2487 /* theifTryingToEscape */ = {
			isa = PBXGroup;
			children = (
				B7E1A6A3209EFD6B000C2487 /* main.cpp */,
			);
			path = theifTryingToEscape;
			sourceTree = "<group>";
		};
		B7EE3FD42124846B006C3A81 /* sp_hashing14 */ = {
			isa = PBXGroup;
			children = (
				B7EE3FD52124846B006C3A81 /* main.cpp */,
			);
			path = sp_hashing14;
			sourceTree = "<group>";
		};
		B7EE3FDF21249815006C3A81 /* sp_hashing15 */ = {
			isa = PBXGroup;
			children = (
				B7EE3FE021249815006C3A81 /* main.cpp */,
			);
			path = sp_hashing15;
			sourceTree = "<group>";
		};
		B7EE3FEA2124A27D006C3A81 /* sp_hashing16 */ = {
			isa = PBXGroup;
			children = (
				B7EE3FEB2124A27D006C3A81 /* main.cpp */,
			);
			path = sp_hashing16;
			sourceTree = "<group>";
		};
		B7EE3FF52124AA62006C3A81 /* sp_hashing17 */ = {
			isa = PBXGroup;
			children = (
				B7EE3FF62124AA62006C3A81 /* main.cpp */,
			);
			path = sp_hashing17;
			sourceTree = "<group>";
		};
		B7EE40002124B815006C3A81 /* sp_hashing18 */ = {
			isa = PBXGroup;
			children = (
				B7EE40012124B815006C3A81 /* main.cpp */,
			);
			path = sp_hashing18;
			sourceTree = "<group>";
		};
		B7F7311B209B839200A884CF = {
			isa = PBXGroup;
			children = (
				B7F73126209B839200A884CF /* DataStructureCpp */,
				B72A36F820A20EEC00878DFE /* mergeKsorted */,
				B72A370E20A2278500878DFE /* selectionSort */,
				B72A371920A230DF00878DFE /* selectionSort2 */,
				B701D88620B72897001A0DCA /* mergesort */,
				B701D89120B73C3B001A0DCA /* mergeSort2 */,
				B71C3E5220BC76AF008D7937 /* quicksort */,
				B7BABADB20FB244F00264D93 /* countPairWithSum */,
				B7BABAE620FB340700264D93 /* sp_hashing1 */,
				B7BABAF120FB488F00264D93 /* sp_hashing2 */,
				B7BABAFC20FB519100264D93 /* sp_hashing3 */,
				B7BABB0720FBD41500264D93 /* sp_hashing4 */,
				B7BABB1220FBDFD700264D93 /* sp_hashing5 */,
				B719F36620FC5FBB00497199 /* sp_hashing6 */,
				B719F37120FC61EC00497199 /* sp_hashing7 */,
				B719F37C20FC707300497199 /* sp_hashing8 */,
				B77FF50220FD01300001DE0A /* sp_hashing9 */,
				B77FF50D20FD108E0001DE0A /* sp_hashing10 */,
				B784206D20FDED9600761915 /* sp_hashing11 */,
				B784207820FDF9F900761915 /* sp_hashing12 */,
				B76BE0AA210A3EC900E6E597 /* sp_hashing13 */,
				B7EE3FD42124846B006C3A81 /* sp_hashing14 */,
				B7EE3FDF21249815006C3A81 /* sp_hashing15 */,
				B7EE3FEA2124A27D006C3A81 /* sp_hashing16 */,
				B7EE3FF52124AA62006C3A81 /* sp_hashing17 */,
				B7EE40002124B815006C3A81 /* sp_hashing18 */,
				B7F73125209B839200A884CF /* Products */,
			);
			sourceTree = "<group>";
		};
		B7F73125209B839200A884CF /* Products */ = {
			isa = PBXGroup;
			children = (
				B7F73124209B839200A884CF /* DataStructureCpp */,
				B7F73134209B885800A884CF /* heapsort */,
				B7E1A694209EE7A2000C2487 /* DoesArrayHeap */,
				B7E1A6A1209EFD6B000C2487 /* theifTryingToEscape */,
				B72A36F720A20EEC00878DFE /* mergeKsorted */,
				B72A370D20A2278400878DFE /* selectionSort */,
				B72A371820A230DF00878DFE /* selectionSort2 */,
				B701D88520B72897001A0DCA /* mergesort */,
				B701D89020B73C3B001A0DCA /* mergeSort2 */,
				B71C3E5120BC76AF008D7937 /* quicksort */,
				B7BABADA20FB244F00264D93 /* countPairWithSum */,
				B7BABAE520FB340600264D93 /* sp_hashing1 */,
				B7BABAF020FB488F00264D93 /* sp_hashing2 */,
				B7BABAFB20FB519100264D93 /* sp_hashing3 */,
				B7BABB0620FBD41500264D93 /* sp_hashing4 */,
				B7BABB1120FBDFD600264D93 /* sp_hashing5 */,
				B719F36520FC5FBB00497199 /* sp_hashing6 */,
				B719F37020FC61EC00497199 /* sp_hashing7 */,
				B719F37B20FC707300497199 /* sp_hashing8 */,
				B77FF50120FD01300001DE0A /* sp_hashing9 */,
				B77FF50C20FD108E0001DE0A /* sp_hashing10 */,
				B784206C20FDED9600761915 /* sp_hashing11 */,
				B784207720FDF9F800761915 /* sp_hashing12 */,
				B76BE0A9210A3EC900E6E597 /* sp_hashing13 */,
				B7EE3FD32124846A006C3A81 /* sp_hashing14 */,
				B7EE3FDE21249815006C3A81 /* sp_hashing15 */,
				B7EE3FE92124A27D006C3A81 /* sp_hashing16 */,
				B7EE3FF42124AA62006C3A81 /* sp_hashing17 */,
				B7EE3FFF2124B815006C3A81 /* sp_hashing18 */,
			);
			name = Products;
			sourceTree = "<group>";
		};
		B7F73126209B839200A884CF /* DataStructureCpp */ = {
			isa = PBXGroup;
			children = (
				B7E1A69C209EFD46000C2487 /* Basic */,
				B7E1A69B209EE7C6000C2487 /* Heap */,
				B7F7312F209B883800A884CF /* Sorting */,
				B7F7312E209B83EC00A884CF /* Array */,
			);
			path = DataStructureCpp;
			sourceTree = "<group>";
		};
		B7F7312E209B83EC00A884CF /* Array */ = {
			isa = PBXGroup;
			children = (
			);
			path = Array;
			sourceTree = "<group>";
		};
		B7F7312F209B883800A884CF /* Sorting */ = {
			isa = PBXGroup;
			children = (
				B7F73135209B885800A884CF /* heapsort */,
			);
			path = Sorting;
			sourceTree = "<group>";
		};
		B7F73135209B885800A884CF /* heapsort */ = {
			isa = PBXGroup;
			children = (
				B7F73136209B885800A884CF /* main.cpp */,
			);
			path = heapsort;
			sourceTree = "<group>";
		};
/* End PBXGroup section */

/* Begin PBXNativeTarget section */
		B701D88420B72897001A0DCA /* mergesort */ = {
			isa = PBXNativeTarget;
			buildConfigurationList = B701D88920B72897001A0DCA /* Build configuration list for PBXNativeTarget "mergesort" */;
			buildPhases = (
				B701D88120B72897001A0DCA /* Sources */,
				B701D88220B72897001A0DCA /* Frameworks */,
				B701D88320B72897001A0DCA /* CopyFiles */,
			);
			buildRules = (
			);
			dependencies = (
			);
			name = mergesort;
			productName = mergesort;
			productReference = B701D88520B72897001A0DCA /* mergesort */;
			productType = "com.apple.product-type.tool";
		};
		B701D88F20B73C3B001A0DCA /* mergeSort2 */ = {
			isa = PBXNativeTarget;
			buildConfigurationList = B701D89420B73C3B001A0DCA /* Build configuration list for PBXNativeTarget "mergeSort2" */;
			buildPhases = (
				B701D88C20B73C3B001A0DCA /* Sources */,
				B701D88D20B73C3B001A0DCA /* Frameworks */,
				B701D88E20B73C3B001A0DCA /* CopyFiles */,
			);
			buildRules = (
			);
			dependencies = (
			);
			name = mergeSort2;
			productName = mergeSort2;
			productReference = B701D89020B73C3B001A0DCA /* mergeSort2 */;
			productType = "com.apple.product-type.tool";
		};
		B719F36420FC5FBB00497199 /* sp_hashing6 */ = {
			isa = PBXNativeTarget;
			buildConfigurationList = B719F36B20FC5FBB00497199 /* Build configuration list for PBXNativeTarget "sp_hashing6" */;
			buildPhases = (
				B719F36120FC5FBB00497199 /* Sources */,
				B719F36220FC5FBB00497199 /* Frameworks */,
				B719F36320FC5FBB00497199 /* CopyFiles */,
			);
			buildRules = (
			);
			dependencies = (
			);
			name = sp_hashing6;
			productName = sp_hashing6;
			productReference = B719F36520FC5FBB00497199 /* sp_hashing6 */;
			productType = "com.apple.product-type.tool";
		};
		B719F36F20FC61EC00497199 /* sp_hashing7 */ = {
			isa = PBXNativeTarget;
			buildConfigurationList = B719F37420FC61EC00497199 /* Build configuration list for PBXNativeTarget "sp_hashing7" */;
			buildPhases = (
				B719F36C20FC61EC00497199 /* Sources */,
				B719F36D20FC61EC00497199 /* Frameworks */,
				B719F36E20FC61EC00497199 /* CopyFiles */,
			);
			buildRules = (
			);
			dependencies = (
			);
			name = sp_hashing7;
			productName = sp_hashing7;
			productReference = B719F37020FC61EC00497199 /* sp_hashing7 */;
			productType = "com.apple.product-type.tool";
		};
		B719F37A20FC707300497199 /* sp_hashing8 */ = {
			isa = PBXNativeTarget;
			buildConfigurationList = B719F37F20FC707300497199 /* Build configuration list for PBXNativeTarget "sp_hashing8" */;
			buildPhases = (
				B719F37720FC707300497199 /* Sources */,
				B719F37820FC707300497199 /* Frameworks */,
				B719F37920FC707300497199 /* CopyFiles */,
			);
			buildRules = (
			);
			dependencies = (
			);
			name = sp_hashing8;
			productName = sp_hashing8;
			productReference = B719F37B20FC707300497199 /* sp_hashing8 */;
			productType = "com.apple.product-type.tool";
		};
		B71C3E5020BC76AF008D7937 /* quicksort */ = {
			isa = PBXNativeTarget;
			buildConfigurationList = B71C3E5720BC76AF008D7937 /* Build configuration list for PBXNativeTarget "quicksort" */;
			buildPhases = (
				B71C3E4D20BC76AF008D7937 /* Sources */,
				B71C3E4E20BC76AF008D7937 /* Frameworks */,
				B71C3E4F20BC76AF008D7937 /* CopyFiles */,
			);
			buildRules = (
			);
			dependencies = (
			);
			name = quicksort;
			productName = quicksort;
			productReference = B71C3E5120BC76AF008D7937 /* quicksort */;
			productType = "com.apple.product-type.tool";
		};
		B72A36F620A20EEC00878DFE /* mergeKsorted */ = {
			isa = PBXNativeTarget;
			buildConfigurationList = B72A36FD20A20EEC00878DFE /* Build configuration list for PBXNativeTarget "mergeKsorted" */;
			buildPhases = (
				B72A36F320A20EEC00878DFE /* Sources */,
				B72A36F420A20EEC00878DFE /* Frameworks */,
				B72A36F520A20EEC00878DFE /* CopyFiles */,
			);
			buildRules = (
			);
			dependencies = (
			);
			name = mergeKsorted;
			productName = mergeKsorted;
			productReference = B72A36F720A20EEC00878DFE /* mergeKsorted */;
			productType = "com.apple.product-type.tool";
		};
		B72A370C20A2278400878DFE /* selectionSort */ = {
			isa = PBXNativeTarget;
			buildConfigurationList = B72A371120A2278500878DFE /* Build configuration list for PBXNativeTarget "selectionSort" */;
			buildPhases = (
				B72A370920A2278400878DFE /* Sources */,
				B72A370A20A2278400878DFE /* Frameworks */,
				B72A370B20A2278400878DFE /* CopyFiles */,
			);
			buildRules = (
			);
			dependencies = (
			);
			name = selectionSort;
			productName = selectionSort;
			productReference = B72A370D20A2278400878DFE /* selectionSort */;
			productType = "com.apple.product-type.tool";
		};
		B72A371720A230DF00878DFE /* selectionSort2 */ = {
			isa = PBXNativeTarget;
			buildConfigurationList = B72A371C20A230DF00878DFE /* Build configuration list for PBXNativeTarget "selectionSort2" */;
			buildPhases = (
				B72A371420A230DF00878DFE /* Sources */,
				B72A371520A230DF00878DFE /* Frameworks */,
				B72A371620A230DF00878DFE /* CopyFiles */,
			);
			buildRules = (
			);
			dependencies = (
			);
			name = selectionSort2;
			productName = selectionSort2;
			productReference = B72A371820A230DF00878DFE /* selectionSort2 */;
			productType = "com.apple.product-type.tool";
		};
		B76BE0A8210A3EC900E6E597 /* sp_hashing13 */ = {
			isa = PBXNativeTarget;
			buildConfigurationList = B76BE0AD210A3EC900E6E597 /* Build configuration list for PBXNativeTarget "sp_hashing13" */;
			buildPhases = (
				B76BE0A5210A3EC900E6E597 /* Sources */,
				B76BE0A6210A3EC900E6E597 /* Frameworks */,
				B76BE0A7210A3EC900E6E597 /* CopyFiles */,
			);
			buildRules = (
			);
			dependencies = (
			);
			name = sp_hashing13;
			productName = sp_hashing13;
			productReference = B76BE0A9210A3EC900E6E597 /* sp_hashing13 */;
			productType = "com.apple.product-type.tool";
		};
		B77FF50020FD01300001DE0A /* sp_hashing9 */ = {
			isa = PBXNativeTarget;
			buildConfigurationList = B77FF50720FD01300001DE0A /* Build configuration list for PBXNativeTarget "sp_hashing9" */;
			buildPhases = (
				B77FF4FD20FD01300001DE0A /* Sources */,
				B77FF4FE20FD01300001DE0A /* Frameworks */,
				B77FF4FF20FD01300001DE0A /* CopyFiles */,
			);
			buildRules = (
			);
			dependencies = (
			);
			name = sp_hashing9;
			productName = sp_hashing9;
			productReference = B77FF50120FD01300001DE0A /* sp_hashing9 */;
			productType = "com.apple.product-type.tool";
		};
		B77FF50B20FD108E0001DE0A /* sp_hashing10 */ = {
			isa = PBXNativeTarget;
			buildConfigurationList = B77FF51020FD108E0001DE0A /* Build configuration list for PBXNativeTarget "sp_hashing10" */;
			buildPhases = (
				B77FF50820FD108E0001DE0A /* Sources */,
				B77FF50920FD108E0001DE0A /* Frameworks */,
				B77FF50A20FD108E0001DE0A /* CopyFiles */,
			);
			buildRules = (
			);
			dependencies = (
			);
			name = sp_hashing10;
			productName = sp_hashing10;
			productReference = B77FF50C20FD108E0001DE0A /* sp_hashing10 */;
			productType = "com.apple.product-type.tool";
		};
		B784206B20FDED9600761915 /* sp_hashing11 */ = {
			isa = PBXNativeTarget;
			buildConfigurationList = B784207220FDED9600761915 /* Build configuration list for PBXNativeTarget "sp_hashing11" */;
			buildPhases = (
				B784206820FDED9600761915 /* Sources */,
				B784206920FDED9600761915 /* Frameworks */,
				B784206A20FDED9600761915 /* CopyFiles */,
			);
			buildRules = (
			);
			dependencies = (
			);
			name = sp_hashing11;
			productName = sp_hashing11;
			productReference = B784206C20FDED9600761915 /* sp_hashing11 */;
			productType = "com.apple.product-type.tool";
		};
		B784207620FDF9F800761915 /* sp_hashing12 */ = {
			isa = PBXNativeTarget;
			buildConfigurationList = B784207B20FDF9F900761915 /* Build configuration list for PBXNativeTarget "sp_hashing12" */;
			buildPhases = (
				B784207320FDF9F800761915 /* Sources */,
				B784207420FDF9F800761915 /* Frameworks */,
				B784207520FDF9F800761915 /* CopyFiles */,
			);
			buildRules = (
			);
			dependencies = (
			);
			name = sp_hashing12;
			productName = sp_hashing12;
			productReference = B784207720FDF9F800761915 /* sp_hashing12 */;
			productType = "com.apple.product-type.tool";
		};
		B7BABAD920FB244F00264D93 /* countPairWithSum */ = {
			isa = PBXNativeTarget;
			buildConfigurationList = B7BABADE20FB244F00264D93 /* Build configuration list for PBXNativeTarget "countPairWithSum" */;
			buildPhases = (
				B7BABAD620FB244F00264D93 /* Sources */,
				B7BABAD720FB244F00264D93 /* Frameworks */,
				B7BABAD820FB244F00264D93 /* CopyFiles */,
			);
			buildRules = (
			);
			dependencies = (
			);
			name = countPairWithSum;
			productName = countPairWithSum;
			productReference = B7BABADA20FB244F00264D93 /* countPairWithSum */;
			productType = "com.apple.product-type.tool";
		};
		B7BABAE420FB340600264D93 /* sp_hashing1 */ = {
			isa = PBXNativeTarget;
			buildConfigurationList = B7BABAE920FB340700264D93 /* Build configuration list for PBXNativeTarget "sp_hashing1" */;
			buildPhases = (
				B7BABAE120FB340600264D93 /* Sources */,
				B7BABAE220FB340600264D93 /* Frameworks */,
				B7BABAE320FB340600264D93 /* CopyFiles */,
			);
			buildRules = (
			);
			dependencies = (
			);
			name = sp_hashing1;
			productName = sp_hashing1;
			productReference = B7BABAE520FB340600264D93 /* sp_hashing1 */;
			productType = "com.apple.product-type.tool";
		};
		B7BABAEF20FB488F00264D93 /* sp_hashing2 */ = {
			isa = PBXNativeTarget;
			buildConfigurationList = B7BABAF420FB488F00264D93 /* Build configuration list for PBXNativeTarget "sp_hashing2" */;
			buildPhases = (
				B7BABAEC20FB488F00264D93 /* Sources */,
				B7BABAED20FB488F00264D93 /* Frameworks */,
				B7BABAEE20FB488F00264D93 /* CopyFiles */,
			);
			buildRules = (
			);
			dependencies = (
			);
			name = sp_hashing2;
			productName = sp_hashing2;
			productReference = B7BABAF020FB488F00264D93 /* sp_hashing2 */;
			productType = "com.apple.product-type.tool";
		};
		B7BABAFA20FB519100264D93 /* sp_hashing3 */ = {
			isa = PBXNativeTarget;
			buildConfigurationList = B7BABAFF20FB519100264D93 /* Build configuration list for PBXNativeTarget "sp_hashing3" */;
			buildPhases = (
				B7BABAF720FB519100264D93 /* Sources */,
				B7BABAF820FB519100264D93 /* Frameworks */,
				B7BABAF920FB519100264D93 /* CopyFiles */,
			);
			buildRules = (
			);
			dependencies = (
			);
			name = sp_hashing3;
			productName = sp_hashing3;
			productReference = B7BABAFB20FB519100264D93 /* sp_hashing3 */;
			productType = "com.apple.product-type.tool";
		};
		B7BABB0520FBD41500264D93 /* sp_hashing4 */ = {
			isa = PBXNativeTarget;
			buildConfigurationList = B7BABB0A20FBD41500264D93 /* Build configuration list for PBXNativeTarget "sp_hashing4" */;
			buildPhases = (
				B7BABB0220FBD41500264D93 /* Sources */,
				B7BABB0320FBD41500264D93 /* Frameworks */,
				B7BABB0420FBD41500264D93 /* CopyFiles */,
			);
			buildRules = (
			);
			dependencies = (
			);
			name = sp_hashing4;
			productName = sp_hashing4;
			productReference = B7BABB0620FBD41500264D93 /* sp_hashing4 */;
			productType = "com.apple.product-type.tool";
		};
		B7BABB1020FBDFD600264D93 /* sp_hashing5 */ = {
			isa = PBXNativeTarget;
			buildConfigurationList = B7BABB1520FBDFD700264D93 /* Build configuration list for PBXNativeTarget "sp_hashing5" */;
			buildPhases = (
				B7BABB0D20FBDFD600264D93 /* Sources */,
				B7BABB0E20FBDFD600264D93 /* Frameworks */,
				B7BABB0F20FBDFD600264D93 /* CopyFiles */,
			);
			buildRules = (
			);
			dependencies = (
			);
			name = sp_hashing5;
			productName = sp_hashing5;
			productReference = B7BABB1120FBDFD600264D93 /* sp_hashing5 */;
			productType = "com.apple.product-type.tool";
		};
		B7E1A693209EE7A2000C2487 /* DoesArrayHeap */ = {
			isa = PBXNativeTarget;
			buildConfigurationList = B7E1A69A209EE7A2000C2487 /* Build configuration list for PBXNativeTarget "DoesArrayHeap" */;
			buildPhases = (
				B7E1A690209EE7A2000C2487 /* Sources */,
				B7E1A691209EE7A2000C2487 /* Frameworks */,
				B7E1A692209EE7A2000C2487 /* CopyFiles */,
			);
			buildRules = (
			);
			dependencies = (
			);
			name = DoesArrayHeap;
			productName = DoesArrayHeap;
			productReference = B7E1A694209EE7A2000C2487 /* DoesArrayHeap */;
			productType = "com.apple.product-type.tool";
		};
		B7E1A6A0209EFD6B000C2487 /* theifTryingToEscape */ = {
			isa = PBXNativeTarget;
			buildConfigurationList = B7E1A6A5209EFD6B000C2487 /* Build configuration list for PBXNativeTarget "theifTryingToEscape" */;
			buildPhases = (
				B7E1A69D209EFD6B000C2487 /* Sources */,
				B7E1A69E209EFD6B000C2487 /* Frameworks */,
				B7E1A69F209EFD6B000C2487 /* CopyFiles */,
			);
			buildRules = (
			);
			dependencies = (
			);
			name = theifTryingToEscape;
			productName = theifTryingToEscape;
			productReference = B7E1A6A1209EFD6B000C2487 /* theifTryingToEscape */;
			productType = "com.apple.product-type.tool";
		};
		B7EE3FD22124846A006C3A81 /* sp_hashing14 */ = {
			isa = PBXNativeTarget;
			buildConfigurationList = B7EE3FD92124846B006C3A81 /* Build configuration list for PBXNativeTarget "sp_hashing14" */;
			buildPhases = (
				B7EE3FCF2124846A006C3A81 /* Sources */,
				B7EE3FD02124846A006C3A81 /* Frameworks */,
				B7EE3FD12124846A006C3A81 /* CopyFiles */,
			);
			buildRules = (
			);
			dependencies = (
			);
			name = sp_hashing14;
			productName = sp_hashing14;
			productReference = B7EE3FD32124846A006C3A81 /* sp_hashing14 */;
			productType = "com.apple.product-type.tool";
		};
		B7EE3FDD21249815006C3A81 /* sp_hashing15 */ = {
			isa = PBXNativeTarget;
			buildConfigurationList = B7EE3FE221249815006C3A81 /* Build configuration list for PBXNativeTarget "sp_hashing15" */;
			buildPhases = (
				B7EE3FDA21249815006C3A81 /* Sources */,
				B7EE3FDB21249815006C3A81 /* Frameworks */,
				B7EE3FDC21249815006C3A81 /* CopyFiles */,
			);
			buildRules = (
			);
			dependencies = (
			);
			name = sp_hashing15;
			productName = sp_hashing15;
			productReference = B7EE3FDE21249815006C3A81 /* sp_hashing15 */;
			productType = "com.apple.product-type.tool";
		};
		B7EE3FE82124A27D006C3A81 /* sp_hashing16 */ = {
			isa = PBXNativeTarget;
			buildConfigurationList = B7EE3FED2124A27D006C3A81 /* Build configuration list for PBXNativeTarget "sp_hashing16" */;
			buildPhases = (
				B7EE3FE52124A27D006C3A81 /* Sources */,
				B7EE3FE62124A27D006C3A81 /* Frameworks */,
				B7EE3FE72124A27D006C3A81 /* CopyFiles */,
			);
			buildRules = (
			);
			dependencies = (
			);
			name = sp_hashing16;
			productName = sp_hashing16;
			productReference = B7EE3FE92124A27D006C3A81 /* sp_hashing16 */;
			productType = "com.apple.product-type.tool";
		};
		B7EE3FF32124AA62006C3A81 /* sp_hashing17 */ = {
			isa = PBXNativeTarget;
			buildConfigurationList = B7EE3FF82124AA62006C3A81 /* Build configuration list for PBXNativeTarget "sp_hashing17" */;
			buildPhases = (
				B7EE3FF02124AA62006C3A81 /* Sources */,
				B7EE3FF12124AA62006C3A81 /* Frameworks */,
				B7EE3FF22124AA62006C3A81 /* CopyFiles */,
			);
			buildRules = (
			);
			dependencies = (
			);
			name = sp_hashing17;
			productName = sp_hashing17;
			productReference = B7EE3FF42124AA62006C3A81 /* sp_hashing17 */;
			productType = "com.apple.product-type.tool";
		};
		B7EE3FFE2124B815006C3A81 /* sp_hashing18 */ = {
			isa = PBXNativeTarget;
			buildConfigurationList = B7EE40032124B815006C3A81 /* Build configuration list for PBXNativeTarget "sp_hashing18" */;
			buildPhases = (
				B7EE3FFB2124B815006C3A81 /* Sources */,
				B7EE3FFC2124B815006C3A81 /* Frameworks */,
				B7EE3FFD2124B815006C3A81 /* CopyFiles */,
			);
			buildRules = (
			);
			dependencies = (
			);
			name = sp_hashing18;
			productName = sp_hashing18;
			productReference = B7EE3FFF2124B815006C3A81 /* sp_hashing18 */;
			productType = "com.apple.product-type.tool";
		};
		B7F73123209B839200A884CF /* DataStructureCpp */ = {
			isa = PBXNativeTarget;
			buildConfigurationList = B7F7312B209B839200A884CF /* Build configuration list for PBXNativeTarget "DataStructureCpp" */;
			buildPhases = (
				B7F73120209B839200A884CF /* Sources */,
				B7F73121209B839200A884CF /* Frameworks */,
				B7F73122209B839200A884CF /* CopyFiles */,
			);
			buildRules = (
			);
			dependencies = (
			);
			name = DataStructureCpp;
			productName = DataStructureCpp;
			productReference = B7F73124209B839200A884CF /* DataStructureCpp */;
			productType = "com.apple.product-type.tool";
		};
		B7F73133209B885800A884CF /* heapsort */ = {
			isa = PBXNativeTarget;
			buildConfigurationList = B7F73138209B885800A884CF /* Build configuration list for PBXNativeTarget "heapsort" */;
			buildPhases = (
				B7F73130209B885800A884CF /* Sources */,
				B7F73131209B885800A884CF /* Frameworks */,
				B7F73132209B885800A884CF /* CopyFiles */,
			);
			buildRules = (
			);
			dependencies = (
			);
			name = heapsort;
			productName = heapsort;
			productReference = B7F73134209B885800A884CF /* heapsort */;
			productType = "com.apple.product-type.tool";
		};
/* End PBXNativeTarget section */

/* Begin PBXProject section */
		B7F7311C209B839200A884CF /* Project object */ = {
			isa = PBXProject;
			attributes = {
				LastSwiftUpdateCheck = 0920;
				LastUpgradeCheck = 0920;
				ORGANIZATIONNAME = "Kh. Deepalaxmi";
				TargetAttributes = {
					B701D88420B72897001A0DCA = {
						CreatedOnToolsVersion = 9.2;
						ProvisioningStyle = Automatic;
					};
					B701D88F20B73C3B001A0DCA = {
						CreatedOnToolsVersion = 9.2;
						ProvisioningStyle = Automatic;
					};
					B719F36420FC5FBB00497199 = {
						CreatedOnToolsVersion = 9.2;
						ProvisioningStyle = Automatic;
					};
					B719F36F20FC61EC00497199 = {
						CreatedOnToolsVersion = 9.2;
						ProvisioningStyle = Automatic;
					};
					B719F37A20FC707300497199 = {
						CreatedOnToolsVersion = 9.2;
						ProvisioningStyle = Automatic;
					};
					B71C3E5020BC76AF008D7937 = {
						CreatedOnToolsVersion = 9.2;
						ProvisioningStyle = Automatic;
					};
					B72A36F620A20EEC00878DFE = {
						CreatedOnToolsVersion = 9.2;
						ProvisioningStyle = Automatic;
					};
					B72A370C20A2278400878DFE = {
						CreatedOnToolsVersion = 9.2;
						ProvisioningStyle = Automatic;
					};
					B72A371720A230DF00878DFE = {
						CreatedOnToolsVersion = 9.2;
						ProvisioningStyle = Automatic;
					};
					B76BE0A8210A3EC900E6E597 = {
						CreatedOnToolsVersion = 9.2;
						ProvisioningStyle = Automatic;
					};
					B77FF50020FD01300001DE0A = {
						CreatedOnToolsVersion = 9.2;
						ProvisioningStyle = Automatic;
					};
					B77FF50B20FD108E0001DE0A = {
						CreatedOnToolsVersion = 9.2;
						ProvisioningStyle = Automatic;
					};
					B784206B20FDED9600761915 = {
						CreatedOnToolsVersion = 9.2;
						ProvisioningStyle = Automatic;
					};
					B784207620FDF9F800761915 = {
						CreatedOnToolsVersion = 9.2;
						ProvisioningStyle = Automatic;
					};
					B7BABAD920FB244F00264D93 = {
						CreatedOnToolsVersion = 9.2;
						ProvisioningStyle = Automatic;
					};
					B7BABAE420FB340600264D93 = {
						CreatedOnToolsVersion = 9.2;
						ProvisioningStyle = Automatic;
					};
					B7BABAEF20FB488F00264D93 = {
						CreatedOnToolsVersion = 9.2;
						ProvisioningStyle = Automatic;
					};
					B7BABAFA20FB519100264D93 = {
						CreatedOnToolsVersion = 9.2;
						ProvisioningStyle = Automatic;
					};
					B7BABB0520FBD41500264D93 = {
						CreatedOnToolsVersion = 9.2;
						ProvisioningStyle = Automatic;
					};
					B7BABB1020FBDFD600264D93 = {
						CreatedOnToolsVersion = 9.2;
						ProvisioningStyle = Automatic;
					};
					B7E1A693209EE7A2000C2487 = {
						CreatedOnToolsVersion = 9.2;
						ProvisioningStyle = Automatic;
					};
					B7E1A6A0209EFD6B000C2487 = {
						CreatedOnToolsVersion = 9.2;
						ProvisioningStyle = Automatic;
					};
					B7EE3FD22124846A006C3A81 = {
						CreatedOnToolsVersion = 9.4.1;
						ProvisioningStyle = Automatic;
					};
					B7EE3FDD21249815006C3A81 = {
						CreatedOnToolsVersion = 9.4.1;
						ProvisioningStyle = Automatic;
					};
					B7EE3FE82124A27D006C3A81 = {
						CreatedOnToolsVersion = 9.4.1;
						ProvisioningStyle = Automatic;
					};
					B7EE3FF32124AA62006C3A81 = {
						CreatedOnToolsVersion = 9.4.1;
						ProvisioningStyle = Automatic;
					};
					B7EE3FFE2124B815006C3A81 = {
						CreatedOnToolsVersion = 9.4.1;
						ProvisioningStyle = Automatic;
					};
					B7F73123209B839200A884CF = {
						CreatedOnToolsVersion = 9.2;
						ProvisioningStyle = Automatic;
					};
					B7F73133209B885800A884CF = {
						CreatedOnToolsVersion = 9.2;
						ProvisioningStyle = Automatic;
					};
				};
			};
			buildConfigurationList = B7F7311F209B839200A884CF /* Build configuration list for PBXProject "DataStructureCpp" */;
			compatibilityVersion = "Xcode 8.0";
			developmentRegion = en;
			hasScannedForEncodings = 0;
			knownRegions = (
				en,
			);
			mainGroup = B7F7311B209B839200A884CF;
			productRefGroup = B7F73125209B839200A884CF /* Products */;
			projectDirPath = "";
			projectRoot = "";
			targets = (
				B7F73123209B839200A884CF /* DataStructureCpp */,
				B7F73133209B885800A884CF /* heapsort */,
				B7E1A693209EE7A2000C2487 /* DoesArrayHeap */,
				B7E1A6A0209EFD6B000C2487 /* theifTryingToEscape */,
				B72A36F620A20EEC00878DFE /* mergeKsorted */,
				B72A370C20A2278400878DFE /* selectionSort */,
				B72A371720A230DF00878DFE /* selectionSort2 */,
				B701D88420B72897001A0DCA /* mergesort */,
				B701D88F20B73C3B001A0DCA /* mergeSort2 */,
				B71C3E5020BC76AF008D7937 /* quicksort */,
				B7BABAD920FB244F00264D93 /* countPairWithSum */,
				B7BABAE420FB340600264D93 /* sp_hashing1 */,
				B7BABAEF20FB488F00264D93 /* sp_hashing2 */,
				B7BABAFA20FB519100264D93 /* sp_hashing3 */,
				B7BABB0520FBD41500264D93 /* sp_hashing4 */,
				B7BABB1020FBDFD600264D93 /* sp_hashing5 */,
				B719F36420FC5FBB00497199 /* sp_hashing6 */,
				B719F36F20FC61EC00497199 /* sp_hashing7 */,
				B719F37A20FC707300497199 /* sp_hashing8 */,
				B77FF50020FD01300001DE0A /* sp_hashing9 */,
				B77FF50B20FD108E0001DE0A /* sp_hashing10 */,
				B784206B20FDED9600761915 /* sp_hashing11 */,
				B784207620FDF9F800761915 /* sp_hashing12 */,
				B76BE0A8210A3EC900E6E597 /* sp_hashing13 */,
				B7EE3FD22124846A006C3A81 /* sp_hashing14 */,
				B7EE3FDD21249815006C3A81 /* sp_hashing15 */,
				B7EE3FE82124A27D006C3A81 /* sp_hashing16 */,
				B7EE3FF32124AA62006C3A81 /* sp_hashing17 */,
				B7EE3FFE2124B815006C3A81 /* sp_hashing18 */,
			);
		};
/* End PBXProject section */

/* Begin PBXSourcesBuildPhase section */
		B701D88120B72897001A0DCA /* Sources */ = {
			isa = PBXSourcesBuildPhase;
			buildActionMask = 2147483647;
			files = (
				B701D88820B72897001A0DCA /* main.cpp in Sources */,
			);
			runOnlyForDeploymentPostprocessing = 0;
		};
		B701D88C20B73C3B001A0DCA /* Sources */ = {
			isa = PBXSourcesBuildPhase;
			buildActionMask = 2147483647;
			files = (
				B701D89320B73C3B001A0DCA /* main.cpp in Sources */,
			);
			runOnlyForDeploymentPostprocessing = 0;
		};
		B719F36120FC5FBB00497199 /* Sources */ = {
			isa = PBXSourcesBuildPhase;
			buildActionMask = 2147483647;
			files = (
				B719F36820FC5FBB00497199 /* main.cpp in Sources */,
			);
			runOnlyForDeploymentPostprocessing = 0;
		};
		B719F36C20FC61EC00497199 /* Sources */ = {
			isa = PBXSourcesBuildPhase;
			buildActionMask = 2147483647;
			files = (
				B719F37320FC61EC00497199 /* main.cpp in Sources */,
			);
			runOnlyForDeploymentPostprocessing = 0;
		};
		B719F37720FC707300497199 /* Sources */ = {
			isa = PBXSourcesBuildPhase;
			buildActionMask = 2147483647;
			files = (
				B719F37E20FC707300497199 /* main.cpp in Sources */,
			);
			runOnlyForDeploymentPostprocessing = 0;
		};
		B71C3E4D20BC76AF008D7937 /* Sources */ = {
			isa = PBXSourcesBuildPhase;
			buildActionMask = 2147483647;
			files = (
				B71C3E5420BC76AF008D7937 /* main.cpp in Sources */,
			);
			runOnlyForDeploymentPostprocessing = 0;
		};
		B72A36F320A20EEC00878DFE /* Sources */ = {
			isa = PBXSourcesBuildPhase;
			buildActionMask = 2147483647;
			files = (
				B72A36FA20A20EEC00878DFE /* main.cpp in Sources */,
			);
			runOnlyForDeploymentPostprocessing = 0;
		};
		B72A370920A2278400878DFE /* Sources */ = {
			isa = PBXSourcesBuildPhase;
			buildActionMask = 2147483647;
			files = (
				B72A371020A2278500878DFE /* main.cpp in Sources */,
			);
			runOnlyForDeploymentPostprocessing = 0;
		};
		B72A371420A230DF00878DFE /* Sources */ = {
			isa = PBXSourcesBuildPhase;
			buildActionMask = 2147483647;
			files = (
				B72A371B20A230DF00878DFE /* main.cpp in Sources */,
			);
			runOnlyForDeploymentPostprocessing = 0;
		};
		B76BE0A5210A3EC900E6E597 /* Sources */ = {
			isa = PBXSourcesBuildPhase;
			buildActionMask = 2147483647;
			files = (
				B76BE0AC210A3EC900E6E597 /* main.cpp in Sources */,
			);
			runOnlyForDeploymentPostprocessing = 0;
		};
		B77FF4FD20FD01300001DE0A /* Sources */ = {
			isa = PBXSourcesBuildPhase;
			buildActionMask = 2147483647;
			files = (
				B77FF50420FD01300001DE0A /* main.cpp in Sources */,
			);
			runOnlyForDeploymentPostprocessing = 0;
		};
		B77FF50820FD108E0001DE0A /* Sources */ = {
			isa = PBXSourcesBuildPhase;
			buildActionMask = 2147483647;
			files = (
				B77FF50F20FD108E0001DE0A /* main.cpp in Sources */,
			);
			runOnlyForDeploymentPostprocessing = 0;
		};
		B784206820FDED9600761915 /* Sources */ = {
			isa = PBXSourcesBuildPhase;
			buildActionMask = 2147483647;
			files = (
				B784206F20FDED9600761915 /* main.cpp in Sources */,
			);
			runOnlyForDeploymentPostprocessing = 0;
		};
		B784207320FDF9F800761915 /* Sources */ = {
			isa = PBXSourcesBuildPhase;
			buildActionMask = 2147483647;
			files = (
				B784207A20FDF9F900761915 /* main.cpp in Sources */,
			);
			runOnlyForDeploymentPostprocessing = 0;
		};
		B7BABAD620FB244F00264D93 /* Sources */ = {
			isa = PBXSourcesBuildPhase;
			buildActionMask = 2147483647;
			files = (
				B7BABADD20FB244F00264D93 /* main.cpp in Sources */,
			);
			runOnlyForDeploymentPostprocessing = 0;
		};
		B7BABAE120FB340600264D93 /* Sources */ = {
			isa = PBXSourcesBuildPhase;
			buildActionMask = 2147483647;
			files = (
				B7BABAE820FB340700264D93 /* main.cpp in Sources */,
			);
			runOnlyForDeploymentPostprocessing = 0;
		};
		B7BABAEC20FB488F00264D93 /* Sources */ = {
			isa = PBXSourcesBuildPhase;
			buildActionMask = 2147483647;
			files = (
				B7BABAF320FB488F00264D93 /* main.cpp in Sources */,
			);
			runOnlyForDeploymentPostprocessing = 0;
		};
		B7BABAF720FB519100264D93 /* Sources */ = {
			isa = PBXSourcesBuildPhase;
			buildActionMask = 2147483647;
			files = (
				B7BABAFE20FB519100264D93 /* main.cpp in Sources */,
			);
			runOnlyForDeploymentPostprocessing = 0;
		};
		B7BABB0220FBD41500264D93 /* Sources */ = {
			isa = PBXSourcesBuildPhase;
			buildActionMask = 2147483647;
			files = (
				B7BABB0920FBD41500264D93 /* main.cpp in Sources */,
			);
			runOnlyForDeploymentPostprocessing = 0;
		};
		B7BABB0D20FBDFD600264D93 /* Sources */ = {
			isa = PBXSourcesBuildPhase;
			buildActionMask = 2147483647;
			files = (
				B7BABB1420FBDFD700264D93 /* main.cpp in Sources */,
			);
			runOnlyForDeploymentPostprocessing = 0;
		};
		B7E1A690209EE7A2000C2487 /* Sources */ = {
			isa = PBXSourcesBuildPhase;
			buildActionMask = 2147483647;
			files = (
				B7E1A697209EE7A2000C2487 /* main.cpp in Sources */,
			);
			runOnlyForDeploymentPostprocessing = 0;
		};
		B7E1A69D209EFD6B000C2487 /* Sources */ = {
			isa = PBXSourcesBuildPhase;
			buildActionMask = 2147483647;
			files = (
				B7E1A6A4209EFD6B000C2487 /* main.cpp in Sources */,
			);
			runOnlyForDeploymentPostprocessing = 0;
		};
		B7EE3FCF2124846A006C3A81 /* Sources */ = {
			isa = PBXSourcesBuildPhase;
			buildActionMask = 2147483647;
			files = (
				B7EE3FD62124846B006C3A81 /* main.cpp in Sources */,
			);
			runOnlyForDeploymentPostprocessing = 0;
		};
		B7EE3FDA21249815006C3A81 /* Sources */ = {
			isa = PBXSourcesBuildPhase;
			buildActionMask = 2147483647;
			files = (
				B7EE3FE121249815006C3A81 /* main.cpp in Sources */,
			);
			runOnlyForDeploymentPostprocessing = 0;
		};
		B7EE3FE52124A27D006C3A81 /* Sources */ = {
			isa = PBXSourcesBuildPhase;
			buildActionMask = 2147483647;
			files = (
				B7EE3FEC2124A27D006C3A81 /* main.cpp in Sources */,
			);
			runOnlyForDeploymentPostprocessing = 0;
		};
		B7EE3FF02124AA62006C3A81 /* Sources */ = {
			isa = PBXSourcesBuildPhase;
			buildActionMask = 2147483647;
			files = (
				B7EE3FF72124AA62006C3A81 /* main.cpp in Sources */,
			);
			runOnlyForDeploymentPostprocessing = 0;
		};
		B7EE3FFB2124B815006C3A81 /* Sources */ = {
			isa = PBXSourcesBuildPhase;
			buildActionMask = 2147483647;
			files = (
				B7EE40022124B815006C3A81 /* main.cpp in Sources */,
			);
			runOnlyForDeploymentPostprocessing = 0;
		};
		B7F73120209B839200A884CF /* Sources */ = {
			isa = PBXSourcesBuildPhase;
			buildActionMask = 2147483647;
			files = (
			);
			runOnlyForDeploymentPostprocessing = 0;
		};
		B7F73130209B885800A884CF /* Sources */ = {
			isa = PBXSourcesBuildPhase;
			buildActionMask = 2147483647;
			files = (
				B7F73137209B885800A884CF /* main.cpp in Sources */,
			);
			runOnlyForDeploymentPostprocessing = 0;
		};
/* End PBXSourcesBuildPhase section */

/* Begin XCBuildConfiguration section */
		B701D88A20B72897001A0DCA /* Debug */ = {
			isa = XCBuildConfiguration;
			buildSettings = {
				CODE_SIGN_STYLE = Automatic;
				PRODUCT_NAME = "$(TARGET_NAME)";
			};
			name = Debug;
		};
		B701D88B20B72897001A0DCA /* Release */ = {
			isa = XCBuildConfiguration;
			buildSettings = {
				CODE_SIGN_STYLE = Automatic;
				PRODUCT_NAME = "$(TARGET_NAME)";
			};
			name = Release;
		};
		B701D89520B73C3B001A0DCA /* Debug */ = {
			isa = XCBuildConfiguration;
			buildSettings = {
				CODE_SIGN_STYLE = Automatic;
				PRODUCT_NAME = "$(TARGET_NAME)";
			};
			name = Debug;
		};
		B701D89620B73C3B001A0DCA /* Release */ = {
			isa = XCBuildConfiguration;
			buildSettings = {
				CODE_SIGN_STYLE = Automatic;
				PRODUCT_NAME = "$(TARGET_NAME)";
			};
			name = Release;
		};
		B719F36920FC5FBB00497199 /* Debug */ = {
			isa = XCBuildConfiguration;
			buildSettings = {
				CODE_SIGN_STYLE = Automatic;
				PRODUCT_NAME = "$(TARGET_NAME)";
			};
			name = Debug;
		};
		B719F36A20FC5FBB00497199 /* Release */ = {
			isa = XCBuildConfiguration;
			buildSettings = {
				CODE_SIGN_STYLE = Automatic;
				PRODUCT_NAME = "$(TARGET_NAME)";
			};
			name = Release;
		};
		B719F37520FC61EC00497199 /* Debug */ = {
			isa = XCBuildConfiguration;
			buildSettings = {
				CODE_SIGN_STYLE = Automatic;
				PRODUCT_NAME = "$(TARGET_NAME)";
			};
			name = Debug;
		};
		B719F37620FC61EC00497199 /* Release */ = {
			isa = XCBuildConfiguration;
			buildSettings = {
				CODE_SIGN_STYLE = Automatic;
				PRODUCT_NAME = "$(TARGET_NAME)";
			};
			name = Release;
		};
		B719F38020FC707300497199 /* Debug */ = {
			isa = XCBuildConfiguration;
			buildSettings = {
				CODE_SIGN_STYLE = Automatic;
				PRODUCT_NAME = "$(TARGET_NAME)";
			};
			name = Debug;
		};
		B719F38120FC707300497199 /* Release */ = {
			isa = XCBuildConfiguration;
			buildSettings = {
				CODE_SIGN_STYLE = Automatic;
				PRODUCT_NAME = "$(TARGET_NAME)";
			};
			name = Release;
		};
		B71C3E5520BC76AF008D7937 /* Debug */ = {
			isa = XCBuildConfiguration;
			buildSettings = {
				CODE_SIGN_STYLE = Automatic;
				PRODUCT_NAME = "$(TARGET_NAME)";
			};
			name = Debug;
		};
		B71C3E5620BC76AF008D7937 /* Release */ = {
			isa = XCBuildConfiguration;
			buildSettings = {
				CODE_SIGN_STYLE = Automatic;
				PRODUCT_NAME = "$(TARGET_NAME)";
			};
			name = Release;
		};
		B72A36FB20A20EEC00878DFE /* Debug */ = {
			isa = XCBuildConfiguration;
			buildSettings = {
				CODE_SIGN_STYLE = Automatic;
				PRODUCT_NAME = "$(TARGET_NAME)";
			};
			name = Debug;
		};
		B72A36FC20A20EEC00878DFE /* Release */ = {
			isa = XCBuildConfiguration;
			buildSettings = {
				CODE_SIGN_STYLE = Automatic;
				PRODUCT_NAME = "$(TARGET_NAME)";
			};
			name = Release;
		};
		B72A371220A2278500878DFE /* Debug */ = {
			isa = XCBuildConfiguration;
			buildSettings = {
				CODE_SIGN_STYLE = Automatic;
				PRODUCT_NAME = "$(TARGET_NAME)";
			};
			name = Debug;
		};
		B72A371320A2278500878DFE /* Release */ = {
			isa = XCBuildConfiguration;
			buildSettings = {
				CODE_SIGN_STYLE = Automatic;
				PRODUCT_NAME = "$(TARGET_NAME)";
			};
			name = Release;
		};
		B72A371D20A230DF00878DFE /* Debug */ = {
			isa = XCBuildConfiguration;
			buildSettings = {
				CODE_SIGN_STYLE = Automatic;
				PRODUCT_NAME = "$(TARGET_NAME)";
			};
			name = Debug;
		};
		B72A371E20A230DF00878DFE /* Release */ = {
			isa = XCBuildConfiguration;
			buildSettings = {
				CODE_SIGN_STYLE = Automatic;
				PRODUCT_NAME = "$(TARGET_NAME)";
			};
			name = Release;
		};
		B76BE0AE210A3EC900E6E597 /* Debug */ = {
			isa = XCBuildConfiguration;
			buildSettings = {
				CODE_SIGN_STYLE = Automatic;
				PRODUCT_NAME = "$(TARGET_NAME)";
			};
			name = Debug;
		};
		B76BE0AF210A3EC900E6E597 /* Release */ = {
			isa = XCBuildConfiguration;
			buildSettings = {
				CODE_SIGN_STYLE = Automatic;
				PRODUCT_NAME = "$(TARGET_NAME)";
			};
			name = Release;
		};
		B77FF50520FD01300001DE0A /* Debug */ = {
			isa = XCBuildConfiguration;
			buildSettings = {
				CODE_SIGN_STYLE = Automatic;
				PRODUCT_NAME = "$(TARGET_NAME)";
			};
			name = Debug;
		};
		B77FF50620FD01300001DE0A /* Release */ = {
			isa = XCBuildConfiguration;
			buildSettings = {
				CODE_SIGN_STYLE = Automatic;
				PRODUCT_NAME = "$(TARGET_NAME)";
			};
			name = Release;
		};
		B77FF51120FD108E0001DE0A /* Debug */ = {
			isa = XCBuildConfiguration;
			buildSettings = {
				CODE_SIGN_STYLE = Automatic;
				PRODUCT_NAME = "$(TARGET_NAME)";
			};
			name = Debug;
		};
		B77FF51220FD108E0001DE0A /* Release */ = {
			isa = XCBuildConfiguration;
			buildSettings = {
				CODE_SIGN_STYLE = Automatic;
				PRODUCT_NAME = "$(TARGET_NAME)";
			};
			name = Release;
		};
		B784207020FDED9600761915 /* Debug */ = {
			isa = XCBuildConfiguration;
			buildSettings = {
				CODE_SIGN_STYLE = Automatic;
				PRODUCT_NAME = "$(TARGET_NAME)";
			};
			name = Debug;
		};
		B784207120FDED9600761915 /* Release */ = {
			isa = XCBuildConfiguration;
			buildSettings = {
				CODE_SIGN_STYLE = Automatic;
				PRODUCT_NAME = "$(TARGET_NAME)";
			};
			name = Release;
		};
		B784207C20FDF9F900761915 /* Debug */ = {
			isa = XCBuildConfiguration;
			buildSettings = {
				CODE_SIGN_STYLE = Automatic;
				PRODUCT_NAME = "$(TARGET_NAME)";
			};
			name = Debug;
		};
		B784207D20FDF9F900761915 /* Release */ = {
			isa = XCBuildConfiguration;
			buildSettings = {
				CODE_SIGN_STYLE = Automatic;
				PRODUCT_NAME = "$(TARGET_NAME)";
			};
			name = Release;
		};
		B7BABADF20FB244F00264D93 /* Debug */ = {
			isa = XCBuildConfiguration;
			buildSettings = {
				CODE_SIGN_STYLE = Automatic;
				PRODUCT_NAME = "$(TARGET_NAME)";
			};
			name = Debug;
		};
		B7BABAE020FB244F00264D93 /* Release */ = {
			isa = XCBuildConfiguration;
			buildSettings = {
				CODE_SIGN_STYLE = Automatic;
				PRODUCT_NAME = "$(TARGET_NAME)";
			};
			name = Release;
		};
		B7BABAEA20FB340700264D93 /* Debug */ = {
			isa = XCBuildConfiguration;
			buildSettings = {
				CODE_SIGN_STYLE = Automatic;
				PRODUCT_NAME = "$(TARGET_NAME)";
			};
			name = Debug;
		};
		B7BABAEB20FB340700264D93 /* Release */ = {
			isa = XCBuildConfiguration;
			buildSettings = {
				CODE_SIGN_STYLE = Automatic;
				PRODUCT_NAME = "$(TARGET_NAME)";
			};
			name = Release;
		};
		B7BABAF520FB488F00264D93 /* Debug */ = {
			isa = XCBuildConfiguration;
			buildSettings = {
				CODE_SIGN_STYLE = Automatic;
				PRODUCT_NAME = "$(TARGET_NAME)";
			};
			name = Debug;
		};
		B7BABAF620FB488F00264D93 /* Release */ = {
			isa = XCBuildConfiguration;
			buildSettings = {
				CODE_SIGN_STYLE = Automatic;
				PRODUCT_NAME = "$(TARGET_NAME)";
			};
			name = Release;
		};
		B7BABB0020FB519100264D93 /* Debug */ = {
			isa = XCBuildConfiguration;
			buildSettings = {
				CODE_SIGN_STYLE = Automatic;
				PRODUCT_NAME = "$(TARGET_NAME)";
			};
			name = Debug;
		};
		B7BABB0120FB519100264D93 /* Release */ = {
			isa = XCBuildConfiguration;
			buildSettings = {
				CODE_SIGN_STYLE = Automatic;
				PRODUCT_NAME = "$(TARGET_NAME)";
			};
			name = Release;
		};
		B7BABB0B20FBD41500264D93 /* Debug */ = {
			isa = XCBuildConfiguration;
			buildSettings = {
				CODE_SIGN_STYLE = Automatic;
				PRODUCT_NAME = "$(TARGET_NAME)";
			};
			name = Debug;
		};
		B7BABB0C20FBD41500264D93 /* Release */ = {
			isa = XCBuildConfiguration;
			buildSettings = {
				CODE_SIGN_STYLE = Automatic;
				PRODUCT_NAME = "$(TARGET_NAME)";
			};
			name = Release;
		};
		B7BABB1620FBDFD700264D93 /* Debug */ = {
			isa = XCBuildConfiguration;
			buildSettings = {
				CODE_SIGN_STYLE = Automatic;
				PRODUCT_NAME = "$(TARGET_NAME)";
			};
			name = Debug;
		};
		B7BABB1720FBDFD700264D93 /* Release */ = {
			isa = XCBuildConfiguration;
			buildSettings = {
				CODE_SIGN_STYLE = Automatic;
				PRODUCT_NAME = "$(TARGET_NAME)";
			};
			name = Release;
		};
		B7E1A698209EE7A2000C2487 /* Debug */ = {
			isa = XCBuildConfiguration;
			buildSettings = {
				CODE_SIGN_STYLE = Automatic;
				PRODUCT_NAME = "$(TARGET_NAME)";
			};
			name = Debug;
		};
		B7E1A699209EE7A2000C2487 /* Release */ = {
			isa = XCBuildConfiguration;
			buildSettings = {
				CODE_SIGN_STYLE = Automatic;
				PRODUCT_NAME = "$(TARGET_NAME)";
			};
			name = Release;
		};
		B7E1A6A6209EFD6B000C2487 /* Debug */ = {
			isa = XCBuildConfiguration;
			buildSettings = {
				CODE_SIGN_STYLE = Automatic;
				PRODUCT_NAME = "$(TARGET_NAME)";
			};
			name = Debug;
		};
		B7E1A6A7209EFD6B000C2487 /* Release */ = {
			isa = XCBuildConfiguration;
			buildSettings = {
				CODE_SIGN_STYLE = Automatic;
				PRODUCT_NAME = "$(TARGET_NAME)";
			};
			name = Release;
		};
		B7EE3FD72124846B006C3A81 /* Debug */ = {
			isa = XCBuildConfiguration;
			buildSettings = {
				CLANG_ENABLE_OBJC_WEAK = YES;
				CLANG_WARN_DEPRECATED_OBJC_IMPLEMENTATIONS = YES;
				CLANG_WARN_OBJC_IMPLICIT_RETAIN_SELF = YES;
				CODE_SIGN_STYLE = Automatic;
				MACOSX_DEPLOYMENT_TARGET = 10.13;
				PRODUCT_NAME = "$(TARGET_NAME)";
			};
			name = Debug;
		};
		B7EE3FD82124846B006C3A81 /* Release */ = {
			isa = XCBuildConfiguration;
			buildSettings = {
				CLANG_ENABLE_OBJC_WEAK = YES;
				CLANG_WARN_DEPRECATED_OBJC_IMPLEMENTATIONS = YES;
				CLANG_WARN_OBJC_IMPLICIT_RETAIN_SELF = YES;
				CODE_SIGN_STYLE = Automatic;
				MACOSX_DEPLOYMENT_TARGET = 10.13;
				PRODUCT_NAME = "$(TARGET_NAME)";
			};
			name = Release;
		};
		B7EE3FE321249815006C3A81 /* Debug */ = {
			isa = XCBuildConfiguration;
			buildSettings = {
				CLANG_ENABLE_OBJC_WEAK = YES;
				CLANG_WARN_DEPRECATED_OBJC_IMPLEMENTATIONS = YES;
				CLANG_WARN_OBJC_IMPLICIT_RETAIN_SELF = YES;
				CODE_SIGN_STYLE = Automatic;
				MACOSX_DEPLOYMENT_TARGET = 10.13;
				PRODUCT_NAME = "$(TARGET_NAME)";
			};
			name = Debug;
		};
		B7EE3FE421249815006C3A81 /* Release */ = {
			isa = XCBuildConfiguration;
			buildSettings = {
				CLANG_ENABLE_OBJC_WEAK = YES;
				CLANG_WARN_DEPRECATED_OBJC_IMPLEMENTATIONS = YES;
				CLANG_WARN_OBJC_IMPLICIT_RETAIN_SELF = YES;
				CODE_SIGN_STYLE = Automatic;
				MACOSX_DEPLOYMENT_TARGET = 10.13;
				PRODUCT_NAME = "$(TARGET_NAME)";
			};
			name = Release;
		};
		B7EE3FEE2124A27D006C3A81 /* Debug */ = {
			isa = XCBuildConfiguration;
			buildSettings = {
				CLANG_ENABLE_OBJC_WEAK = YES;
				CLANG_WARN_DEPRECATED_OBJC_IMPLEMENTATIONS = YES;
				CLANG_WARN_OBJC_IMPLICIT_RETAIN_SELF = YES;
				CODE_SIGN_STYLE = Automatic;
				MACOSX_DEPLOYMENT_TARGET = 10.13;
				PRODUCT_NAME = "$(TARGET_NAME)";
			};
			name = Debug;
		};
		B7EE3FEF2124A27D006C3A81 /* Release */ = {
			isa = XCBuildConfiguration;
			buildSettings = {
				CLANG_ENABLE_OBJC_WEAK = YES;
				CLANG_WARN_DEPRECATED_OBJC_IMPLEMENTATIONS = YES;
				CLANG_WARN_OBJC_IMPLICIT_RETAIN_SELF = YES;
				CODE_SIGN_STYLE = Automatic;
				MACOSX_DEPLOYMENT_TARGET = 10.13;
				PRODUCT_NAME = "$(TARGET_NAME)";
			};
			name = Release;
		};
		B7EE3FF92124AA62006C3A81 /* Debug */ = {
			isa = XCBuildConfiguration;
			buildSettings = {
				CLANG_ENABLE_OBJC_WEAK = YES;
				CLANG_WARN_DEPRECATED_OBJC_IMPLEMENTATIONS = YES;
				CLANG_WARN_OBJC_IMPLICIT_RETAIN_SELF = YES;
				CODE_SIGN_STYLE = Automatic;
				MACOSX_DEPLOYMENT_TARGET = 10.13;
				PRODUCT_NAME = "$(TARGET_NAME)";
			};
			name = Debug;
		};
		B7EE3FFA2124AA62006C3A81 /* Release */ = {
			isa = XCBuildConfiguration;
			buildSettings = {
				CLANG_ENABLE_OBJC_WEAK = YES;
				CLANG_WARN_DEPRECATED_OBJC_IMPLEMENTATIONS = YES;
				CLANG_WARN_OBJC_IMPLICIT_RETAIN_SELF = YES;
				CODE_SIGN_STYLE = Automatic;
				MACOSX_DEPLOYMENT_TARGET = 10.13;
				PRODUCT_NAME = "$(TARGET_NAME)";
			};
			name = Release;
		};
		B7EE40042124B815006C3A81 /* Debug */ = {
			isa = XCBuildConfiguration;
			buildSettings = {
				CLANG_ENABLE_OBJC_WEAK = YES;
				CLANG_WARN_DEPRECATED_OBJC_IMPLEMENTATIONS = YES;
				CLANG_WARN_OBJC_IMPLICIT_RETAIN_SELF = YES;
				CODE_SIGN_STYLE = Automatic;
				MACOSX_DEPLOYMENT_TARGET = 10.13;
				PRODUCT_NAME = "$(TARGET_NAME)";
			};
			name = Debug;
		};
		B7EE40052124B815006C3A81 /* Release */ = {
			isa = XCBuildConfiguration;
			buildSettings = {
				CLANG_ENABLE_OBJC_WEAK = YES;
				CLANG_WARN_DEPRECATED_OBJC_IMPLEMENTATIONS = YES;
				CLANG_WARN_OBJC_IMPLICIT_RETAIN_SELF = YES;
				CODE_SIGN_STYLE = Automatic;
				MACOSX_DEPLOYMENT_TARGET = 10.13;
				PRODUCT_NAME = "$(TARGET_NAME)";
			};
			name = Release;
		};
		B7F73129209B839200A884CF /* Debug */ = {
			isa = XCBuildConfiguration;
			buildSettings = {
				ALWAYS_SEARCH_USER_PATHS = NO;
				CLANG_ANALYZER_NONNULL = YES;
				CLANG_ANALYZER_NUMBER_OBJECT_CONVERSION = YES_AGGRESSIVE;
				CLANG_CXX_LANGUAGE_STANDARD = "gnu++14";
				CLANG_CXX_LIBRARY = "libc++";
				CLANG_ENABLE_MODULES = YES;
				CLANG_ENABLE_OBJC_ARC = YES;
				CLANG_WARN_BLOCK_CAPTURE_AUTORELEASING = YES;
				CLANG_WARN_BOOL_CONVERSION = YES;
				CLANG_WARN_COMMA = YES;
				CLANG_WARN_CONSTANT_CONVERSION = YES;
				CLANG_WARN_DIRECT_OBJC_ISA_USAGE = YES_ERROR;
				CLANG_WARN_DOCUMENTATION_COMMENTS = YES;
				CLANG_WARN_EMPTY_BODY = YES;
				CLANG_WARN_ENUM_CONVERSION = YES;
				CLANG_WARN_INFINITE_RECURSION = YES;
				CLANG_WARN_INT_CONVERSION = YES;
				CLANG_WARN_NON_LITERAL_NULL_CONVERSION = YES;
				CLANG_WARN_OBJC_LITERAL_CONVERSION = YES;
				CLANG_WARN_OBJC_ROOT_CLASS = YES_ERROR;
				CLANG_WARN_RANGE_LOOP_ANALYSIS = YES;
				CLANG_WARN_STRICT_PROTOTYPES = YES;
				CLANG_WARN_SUSPICIOUS_MOVE = YES;
				CLANG_WARN_UNGUARDED_AVAILABILITY = YES_AGGRESSIVE;
				CLANG_WARN_UNREACHABLE_CODE = YES;
				CLANG_WARN__DUPLICATE_METHOD_MATCH = YES;
				CODE_SIGN_IDENTITY = "-";
				COPY_PHASE_STRIP = NO;
				DEBUG_INFORMATION_FORMAT = dwarf;
				ENABLE_STRICT_OBJC_MSGSEND = YES;
				ENABLE_TESTABILITY = YES;
				GCC_C_LANGUAGE_STANDARD = gnu11;
				GCC_DYNAMIC_NO_PIC = NO;
				GCC_NO_COMMON_BLOCKS = YES;
				GCC_OPTIMIZATION_LEVEL = 0;
				GCC_PREPROCESSOR_DEFINITIONS = (
					"DEBUG=1",
					"$(inherited)",
				);
				GCC_WARN_64_TO_32_BIT_CONVERSION = YES;
				GCC_WARN_ABOUT_RETURN_TYPE = YES_ERROR;
				GCC_WARN_UNDECLARED_SELECTOR = YES;
				GCC_WARN_UNINITIALIZED_AUTOS = YES_AGGRESSIVE;
				GCC_WARN_UNUSED_FUNCTION = YES;
				GCC_WARN_UNUSED_VARIABLE = YES;
				MACOSX_DEPLOYMENT_TARGET = 10.12;
				MTL_ENABLE_DEBUG_INFO = YES;
				ONLY_ACTIVE_ARCH = YES;
				SDKROOT = macosx;
			};
			name = Debug;
		};
		B7F7312A209B839200A884CF /* Release */ = {
			isa = XCBuildConfiguration;
			buildSettings = {
				ALWAYS_SEARCH_USER_PATHS = NO;
				CLANG_ANALYZER_NONNULL = YES;
				CLANG_ANALYZER_NUMBER_OBJECT_CONVERSION = YES_AGGRESSIVE;
				CLANG_CXX_LANGUAGE_STANDARD = "gnu++14";
				CLANG_CXX_LIBRARY = "libc++";
				CLANG_ENABLE_MODULES = YES;
				CLANG_ENABLE_OBJC_ARC = YES;
				CLANG_WARN_BLOCK_CAPTURE_AUTORELEASING = YES;
				CLANG_WARN_BOOL_CONVERSION = YES;
				CLANG_WARN_COMMA = YES;
				CLANG_WARN_CONSTANT_CONVERSION = YES;
				CLANG_WARN_DIRECT_OBJC_ISA_USAGE = YES_ERROR;
				CLANG_WARN_DOCUMENTATION_COMMENTS = YES;
				CLANG_WARN_EMPTY_BODY = YES;
				CLANG_WARN_ENUM_CONVERSION = YES;
				CLANG_WARN_INFINITE_RECURSION = YES;
				CLANG_WARN_INT_CONVERSION = YES;
				CLANG_WARN_NON_LITERAL_NULL_CONVERSION = YES;
				CLANG_WARN_OBJC_LITERAL_CONVERSION = YES;
				CLANG_WARN_OBJC_ROOT_CLASS = YES_ERROR;
				CLANG_WARN_RANGE_LOOP_ANALYSIS = YES;
				CLANG_WARN_STRICT_PROTOTYPES = YES;
				CLANG_WARN_SUSPICIOUS_MOVE = YES;
				CLANG_WARN_UNGUARDED_AVAILABILITY = YES_AGGRESSIVE;
				CLANG_WARN_UNREACHABLE_CODE = YES;
				CLANG_WARN__DUPLICATE_METHOD_MATCH = YES;
				CODE_SIGN_IDENTITY = "-";
				COPY_PHASE_STRIP = NO;
				DEBUG_INFORMATION_FORMAT = "dwarf-with-dsym";
				ENABLE_NS_ASSERTIONS = NO;
				ENABLE_STRICT_OBJC_MSGSEND = YES;
				GCC_C_LANGUAGE_STANDARD = gnu11;
				GCC_NO_COMMON_BLOCKS = YES;
				GCC_WARN_64_TO_32_BIT_CONVERSION = YES;
				GCC_WARN_ABOUT_RETURN_TYPE = YES_ERROR;
				GCC_WARN_UNDECLARED_SELECTOR = YES;
				GCC_WARN_UNINITIALIZED_AUTOS = YES_AGGRESSIVE;
				GCC_WARN_UNUSED_FUNCTION = YES;
				GCC_WARN_UNUSED_VARIABLE = YES;
				MACOSX_DEPLOYMENT_TARGET = 10.12;
				MTL_ENABLE_DEBUG_INFO = NO;
				SDKROOT = macosx;
			};
			name = Release;
		};
		B7F7312C209B839200A884CF /* Debug */ = {
			isa = XCBuildConfiguration;
			buildSettings = {
				CODE_SIGN_STYLE = Automatic;
				PRODUCT_NAME = "$(TARGET_NAME)";
			};
			name = Debug;
		};
		B7F7312D209B839200A884CF /* Release */ = {
			isa = XCBuildConfiguration;
			buildSettings = {
				CODE_SIGN_STYLE = Automatic;
				PRODUCT_NAME = "$(TARGET_NAME)";
			};
			name = Release;
		};
		B7F73139209B885800A884CF /* Debug */ = {
			isa = XCBuildConfiguration;
			buildSettings = {
				CODE_SIGN_STYLE = Automatic;
				PRODUCT_NAME = "$(TARGET_NAME)";
			};
			name = Debug;
		};
		B7F7313A209B885800A884CF /* Release */ = {
			isa = XCBuildConfiguration;
			buildSettings = {
				CODE_SIGN_STYLE = Automatic;
				PRODUCT_NAME = "$(TARGET_NAME)";
			};
			name = Release;
		};
/* End XCBuildConfiguration section */

/* Begin XCConfigurationList section */
		B701D88920B72897001A0DCA /* Build configuration list for PBXNativeTarget "mergesort" */ = {
			isa = XCConfigurationList;
			buildConfigurations = (
				B701D88A20B72897001A0DCA /* Debug */,
				B701D88B20B72897001A0DCA /* Release */,
			);
			defaultConfigurationIsVisible = 0;
			defaultConfigurationName = Release;
		};
		B701D89420B73C3B001A0DCA /* Build configuration list for PBXNativeTarget "mergeSort2" */ = {
			isa = XCConfigurationList;
			buildConfigurations = (
				B701D89520B73C3B001A0DCA /* Debug */,
				B701D89620B73C3B001A0DCA /* Release */,
			);
			defaultConfigurationIsVisible = 0;
			defaultConfigurationName = Release;
		};
		B719F36B20FC5FBB00497199 /* Build configuration list for PBXNativeTarget "sp_hashing6" */ = {
			isa = XCConfigurationList;
			buildConfigurations = (
				B719F36920FC5FBB00497199 /* Debug */,
				B719F36A20FC5FBB00497199 /* Release */,
			);
			defaultConfigurationIsVisible = 0;
			defaultConfigurationName = Release;
		};
		B719F37420FC61EC00497199 /* Build configuration list for PBXNativeTarget "sp_hashing7" */ = {
			isa = XCConfigurationList;
			buildConfigurations = (
				B719F37520FC61EC00497199 /* Debug */,
				B719F37620FC61EC00497199 /* Release */,
			);
			defaultConfigurationIsVisible = 0;
			defaultConfigurationName = Release;
		};
		B719F37F20FC707300497199 /* Build configuration list for PBXNativeTarget "sp_hashing8" */ = {
			isa = XCConfigurationList;
			buildConfigurations = (
				B719F38020FC707300497199 /* Debug */,
				B719F38120FC707300497199 /* Release */,
			);
			defaultConfigurationIsVisible = 0;
			defaultConfigurationName = Release;
		};
		B71C3E5720BC76AF008D7937 /* Build configuration list for PBXNativeTarget "quicksort" */ = {
			isa = XCConfigurationList;
			buildConfigurations = (
				B71C3E5520BC76AF008D7937 /* Debug */,
				B71C3E5620BC76AF008D7937 /* Release */,
			);
			defaultConfigurationIsVisible = 0;
			defaultConfigurationName = Release;
		};
		B72A36FD20A20EEC00878DFE /* Build configuration list for PBXNativeTarget "mergeKsorted" */ = {
			isa = XCConfigurationList;
			buildConfigurations = (
				B72A36FB20A20EEC00878DFE /* Debug */,
				B72A36FC20A20EEC00878DFE /* Release */,
			);
			defaultConfigurationIsVisible = 0;
			defaultConfigurationName = Release;
		};
		B72A371120A2278500878DFE /* Build configuration list for PBXNativeTarget "selectionSort" */ = {
			isa = XCConfigurationList;
			buildConfigurations = (
				B72A371220A2278500878DFE /* Debug */,
				B72A371320A2278500878DFE /* Release */,
			);
			defaultConfigurationIsVisible = 0;
			defaultConfigurationName = Release;
		};
		B72A371C20A230DF00878DFE /* Build configuration list for PBXNativeTarget "selectionSort2" */ = {
			isa = XCConfigurationList;
			buildConfigurations = (
				B72A371D20A230DF00878DFE /* Debug */,
				B72A371E20A230DF00878DFE /* Release */,
			);
			defaultConfigurationIsVisible = 0;
			defaultConfigurationName = Release;
		};
		B76BE0AD210A3EC900E6E597 /* Build configuration list for PBXNativeTarget "sp_hashing13" */ = {
			isa = XCConfigurationList;
			buildConfigurations = (
				B76BE0AE210A3EC900E6E597 /* Debug */,
				B76BE0AF210A3EC900E6E597 /* Release */,
			);
			defaultConfigurationIsVisible = 0;
			defaultConfigurationName = Release;
		};
		B77FF50720FD01300001DE0A /* Build configuration list for PBXNativeTarget "sp_hashing9" */ = {
			isa = XCConfigurationList;
			buildConfigurations = (
				B77FF50520FD01300001DE0A /* Debug */,
				B77FF50620FD01300001DE0A /* Release */,
			);
			defaultConfigurationIsVisible = 0;
			defaultConfigurationName = Release;
		};
		B77FF51020FD108E0001DE0A /* Build configuration list for PBXNativeTarget "sp_hashing10" */ = {
			isa = XCConfigurationList;
			buildConfigurations = (
				B77FF51120FD108E0001DE0A /* Debug */,
				B77FF51220FD108E0001DE0A /* Release */,
			);
			defaultConfigurationIsVisible = 0;
			defaultConfigurationName = Release;
		};
		B784207220FDED9600761915 /* Build configuration list for PBXNativeTarget "sp_hashing11" */ = {
			isa = XCConfigurationList;
			buildConfigurations = (
				B784207020FDED9600761915 /* Debug */,
				B784207120FDED9600761915 /* Release */,
			);
			defaultConfigurationIsVisible = 0;
			defaultConfigurationName = Release;
		};
		B784207B20FDF9F900761915 /* Build configuration list for PBXNativeTarget "sp_hashing12" */ = {
			isa = XCConfigurationList;
			buildConfigurations = (
				B784207C20FDF9F900761915 /* Debug */,
				B784207D20FDF9F900761915 /* Release */,
			);
			defaultConfigurationIsVisible = 0;
			defaultConfigurationName = Release;
		};
		B7BABADE20FB244F00264D93 /* Build configuration list for PBXNativeTarget "countPairWithSum" */ = {
			isa = XCConfigurationList;
			buildConfigurations = (
				B7BABADF20FB244F00264D93 /* Debug */,
				B7BABAE020FB244F00264D93 /* Release */,
			);
			defaultConfigurationIsVisible = 0;
			defaultConfigurationName = Release;
		};
		B7BABAE920FB340700264D93 /* Build configuration list for PBXNativeTarget "sp_hashing1" */ = {
			isa = XCConfigurationList;
			buildConfigurations = (
				B7BABAEA20FB340700264D93 /* Debug */,
				B7BABAEB20FB340700264D93 /* Release */,
			);
			defaultConfigurationIsVisible = 0;
			defaultConfigurationName = Release;
		};
		B7BABAF420FB488F00264D93 /* Build configuration list for PBXNativeTarget "sp_hashing2" */ = {
			isa = XCConfigurationList;
			buildConfigurations = (
				B7BABAF520FB488F00264D93 /* Debug */,
				B7BABAF620FB488F00264D93 /* Release */,
			);
			defaultConfigurationIsVisible = 0;
			defaultConfigurationName = Release;
		};
		B7BABAFF20FB519100264D93 /* Build configuration list for PBXNativeTarget "sp_hashing3" */ = {
			isa = XCConfigurationList;
			buildConfigurations = (
				B7BABB0020FB519100264D93 /* Debug */,
				B7BABB0120FB519100264D93 /* Release */,
			);
			defaultConfigurationIsVisible = 0;
			defaultConfigurationName = Release;
		};
		B7BABB0A20FBD41500264D93 /* Build configuration list for PBXNativeTarget "sp_hashing4" */ = {
			isa = XCConfigurationList;
			buildConfigurations = (
				B7BABB0B20FBD41500264D93 /* Debug */,
				B7BABB0C20FBD41500264D93 /* Release */,
			);
			defaultConfigurationIsVisible = 0;
			defaultConfigurationName = Release;
		};
		B7BABB1520FBDFD700264D93 /* Build configuration list for PBXNativeTarget "sp_hashing5" */ = {
			isa = XCConfigurationList;
			buildConfigurations = (
				B7BABB1620FBDFD700264D93 /* Debug */,
				B7BABB1720FBDFD700264D93 /* Release */,
			);
			defaultConfigurationIsVisible = 0;
			defaultConfigurationName = Release;
		};
		B7E1A69A209EE7A2000C2487 /* Build configuration list for PBXNativeTarget "DoesArrayHeap" */ = {
			isa = XCConfigurationList;
			buildConfigurations = (
				B7E1A698209EE7A2000C2487 /* Debug */,
				B7E1A699209EE7A2000C2487 /* Release */,
			);
			defaultConfigurationIsVisible = 0;
			defaultConfigurationName = Release;
		};
		B7E1A6A5209EFD6B000C2487 /* Build configuration list for PBXNativeTarget "theifTryingToEscape" */ = {
			isa = XCConfigurationList;
			buildConfigurations = (
				B7E1A6A6209EFD6B000C2487 /* Debug */,
				B7E1A6A7209EFD6B000C2487 /* Release */,
			);
			defaultConfigurationIsVisible = 0;
			defaultConfigurationName = Release;
		};
		B7EE3FD92124846B006C3A81 /* Build configuration list for PBXNativeTarget "sp_hashing14" */ = {
			isa = XCConfigurationList;
			buildConfigurations = (
				B7EE3FD72124846B006C3A81 /* Debug */,
				B7EE3FD82124846B006C3A81 /* Release */,
			);
			defaultConfigurationIsVisible = 0;
			defaultConfigurationName = Release;
		};
		B7EE3FE221249815006C3A81 /* Build configuration list for PBXNativeTarget "sp_hashing15" */ = {
			isa = XCConfigurationList;
			buildConfigurations = (
				B7EE3FE321249815006C3A81 /* Debug */,
				B7EE3FE421249815006C3A81 /* Release */,
			);
			defaultConfigurationIsVisible = 0;
			defaultConfigurationName = Release;
		};
		B7EE3FED2124A27D006C3A81 /* Build configuration list for PBXNativeTarget "sp_hashing16" */ = {
			isa = XCConfigurationList;
			buildConfigurations = (
				B7EE3FEE2124A27D006C3A81 /* Debug */,
				B7EE3FEF2124A27D006C3A81 /* Release */,
			);
			defaultConfigurationIsVisible = 0;
			defaultConfigurationName = Release;
		};
		B7EE3FF82124AA62006C3A81 /* Build configuration list for PBXNativeTarget "sp_hashing17" */ = {
			isa = XCConfigurationList;
			buildConfigurations = (
				B7EE3FF92124AA62006C3A81 /* Debug */,
				B7EE3FFA2124AA62006C3A81 /* Release */,
			);
			defaultConfigurationIsVisible = 0;
			defaultConfigurationName = Release;
		};
		B7EE40032124B815006C3A81 /* Build configuration list for PBXNativeTarget "sp_hashing18" */ = {
			isa = XCConfigurationList;
			buildConfigurations = (
				B7EE40042124B815006C3A81 /* Debug */,
				B7EE40052124B815006C3A81 /* Release */,
			);
			defaultConfigurationIsVisible = 0;
			defaultConfigurationName = Release;
		};
		B7F7311F209B839200A884CF /* Build configuration list for PBXProject "DataStructureCpp" */ = {
			isa = XCConfigurationList;
			buildConfigurations = (
				B7F73129209B839200A884CF /* Debug */,
				B7F7312A209B839200A884CF /* Release */,
			);
			defaultConfigurationIsVisible = 0;
			defaultConfigurationName = Release;
		};
		B7F7312B209B839200A884CF /* Build configuration list for PBXNativeTarget "DataStructureCpp" */ = {
			isa = XCConfigurationList;
			buildConfigurations = (
				B7F7312C209B839200A884CF /* Debug */,
				B7F7312D209B839200A884CF /* Release */,
			);
			defaultConfigurationIsVisible = 0;
			defaultConfigurationName = Release;
		};
		B7F73138209B885800A884CF /* Build configuration list for PBXNativeTarget "heapsort" */ = {
			isa = XCConfigurationList;
			buildConfigurations = (
				B7F73139209B885800A884CF /* Debug */,
				B7F7313A209B885800A884CF /* Release */,
			);
			defaultConfigurationIsVisible = 0;
			defaultConfigurationName = Release;
		};
/* End XCConfigurationList section */
	};
	rootObject = B7F7311C209B839200A884CF /* Project object */;
}
